// !$*UTF8*$!
{
	archiveVersion = 1;
	classes = {
	};
	objectVersion = 50;
	objects = {

/* Begin PBXBuildFile section */
		18FD667F2525E42E00FA94C7 /* AppDelegate.swift in Sources */ = {isa = PBXBuildFile; fileRef = 18FD667E2525E42E00FA94C7 /* AppDelegate.swift */; };
		18FD66892525E42E00FA94C7 /* MedReminder.xcdatamodeld in Sources */ = {isa = PBXBuildFile; fileRef = 18FD66872525E42E00FA94C7 /* MedReminder.xcdatamodeld */; };
		18FD668B2525E43300FA94C7 /* Assets.xcassets in Resources */ = {isa = PBXBuildFile; fileRef = 18FD668A2525E43300FA94C7 /* Assets.xcassets */; };
		18FD668E2525E43300FA94C7 /* LaunchScreen.storyboard in Resources */ = {isa = PBXBuildFile; fileRef = 18FD668C2525E43300FA94C7 /* LaunchScreen.storyboard */; };
		18FD66992525E43400FA94C7 /* MedReminderTests.swift in Sources */ = {isa = PBXBuildFile; fileRef = 18FD66982525E43400FA94C7 /* MedReminderTests.swift */; };
		18FD66A42525E43400FA94C7 /* MedReminderUITests.swift in Sources */ = {isa = PBXBuildFile; fileRef = 18FD66A32525E43400FA94C7 /* MedReminderUITests.swift */; };
/* End PBXBuildFile section */

/* Begin PBXContainerItemProxy section */
		18FD66952525E43300FA94C7 /* PBXContainerItemProxy */ = {
			isa = PBXContainerItemProxy;
			containerPortal = 18FD66732525E42E00FA94C7 /* Project object */;
			proxyType = 1;
			remoteGlobalIDString = 18FD667A2525E42E00FA94C7;
			remoteInfo = MedReminder;
		};
		18FD66A02525E43400FA94C7 /* PBXContainerItemProxy */ = {
			isa = PBXContainerItemProxy;
			containerPortal = 18FD66732525E42E00FA94C7 /* Project object */;
			proxyType = 1;
			remoteGlobalIDString = 18FD667A2525E42E00FA94C7;
			remoteInfo = MedReminder;
		};
/* End PBXContainerItemProxy section */

/* Begin PBXFileReference section */
		18FD667B2525E42E00FA94C7 /* MedReminder.app */ = {isa = PBXFileReference; explicitFileType = wrapper.application; includeInIndex = 0; path = MedReminder.app; sourceTree = BUILT_PRODUCTS_DIR; };
		18FD667E2525E42E00FA94C7 /* AppDelegate.swift */ = {isa = PBXFileReference; lastKnownFileType = sourcecode.swift; path = AppDelegate.swift; sourceTree = "<group>"; };
		18FD66882525E42E00FA94C7 /* MedReminder.xcdatamodel */ = {isa = PBXFileReference; lastKnownFileType = wrapper.xcdatamodel; path = MedReminder.xcdatamodel; sourceTree = "<group>"; };
		18FD668A2525E43300FA94C7 /* Assets.xcassets */ = {isa = PBXFileReference; lastKnownFileType = folder.assetcatalog; path = Assets.xcassets; sourceTree = "<group>"; };
		18FD668D2525E43300FA94C7 /* Base */ = {isa = PBXFileReference; lastKnownFileType = file.storyboard; name = Base; path = Base.lproj/LaunchScreen.storyboard; sourceTree = "<group>"; };
		18FD668F2525E43300FA94C7 /* Info.plist */ = {isa = PBXFileReference; lastKnownFileType = text.plist.xml; path = Info.plist; sourceTree = "<group>"; };
		18FD66942525E43300FA94C7 /* MedReminderTests.xctest */ = {isa = PBXFileReference; explicitFileType = wrapper.cfbundle; includeInIndex = 0; path = MedReminderTests.xctest; sourceTree = BUILT_PRODUCTS_DIR; };
		18FD66982525E43400FA94C7 /* MedReminderTests.swift */ = {isa = PBXFileReference; lastKnownFileType = sourcecode.swift; path = MedReminderTests.swift; sourceTree = "<group>"; };
		18FD669A2525E43400FA94C7 /* Info.plist */ = {isa = PBXFileReference; lastKnownFileType = text.plist.xml; path = Info.plist; sourceTree = "<group>"; };
		18FD669F2525E43400FA94C7 /* MedReminderUITests.xctest */ = {isa = PBXFileReference; explicitFileType = wrapper.cfbundle; includeInIndex = 0; path = MedReminderUITests.xctest; sourceTree = BUILT_PRODUCTS_DIR; };
		18FD66A32525E43400FA94C7 /* MedReminderUITests.swift */ = {isa = PBXFileReference; lastKnownFileType = sourcecode.swift; path = MedReminderUITests.swift; sourceTree = "<group>"; };
		18FD66A52525E43400FA94C7 /* Info.plist */ = {isa = PBXFileReference; lastKnownFileType = text.plist.xml; path = Info.plist; sourceTree = "<group>"; };
/* End PBXFileReference section */

/* Begin PBXFrameworksBuildPhase section */
		18FD66782525E42E00FA94C7 /* Frameworks */ = {
			isa = PBXFrameworksBuildPhase;
			buildActionMask = 2147483647;
			files = (
			);
			runOnlyForDeploymentPostprocessing = 0;
		};
		18FD66912525E43300FA94C7 /* Frameworks */ = {
			isa = PBXFrameworksBuildPhase;
			buildActionMask = 2147483647;
			files = (
			);
			runOnlyForDeploymentPostprocessing = 0;
		};
		18FD669C2525E43400FA94C7 /* Frameworks */ = {
			isa = PBXFrameworksBuildPhase;
			buildActionMask = 2147483647;
			files = (
			);
			runOnlyForDeploymentPostprocessing = 0;
		};
/* End PBXFrameworksBuildPhase section */

/* Begin PBXGroup section */
		18FD66722525E42E00FA94C7 = {
			isa = PBXGroup;
			children = (
				18FD667D2525E42E00FA94C7 /* MedReminder */,
				18FD66972525E43300FA94C7 /* MedReminderTests */,
				18FD66A22525E43400FA94C7 /* MedReminderUITests */,
				18FD667C2525E42E00FA94C7 /* Products */,
			);
			sourceTree = "<group>";
		};
		18FD667C2525E42E00FA94C7 /* Products */ = {
			isa = PBXGroup;
			children = (
				18FD667B2525E42E00FA94C7 /* MedReminder.app */,
				18FD66942525E43300FA94C7 /* MedReminderTests.xctest */,
				18FD669F2525E43400FA94C7 /* MedReminderUITests.xctest */,
			);
			name = Products;
			sourceTree = "<group>";
		};
		18FD667D2525E42E00FA94C7 /* MedReminder */ = {
			isa = PBXGroup;
			children = (
				18FD667E2525E42E00FA94C7 /* AppDelegate.swift */,
				18FD66C02525E49700FA94C7 /* Modules */,
				18FD66BE2525E47B00FA94C7 /* Core Data */,
				18FD66BD2525E46700FA94C7 /* Supporting Files */,
				18FD668F2525E43300FA94C7 /* Info.plist */,
			);
			path = MedReminder;
			sourceTree = "<group>";
		};
		18FD66972525E43300FA94C7 /* MedReminderTests */ = {
			isa = PBXGroup;
			children = (
				18FD66982525E43400FA94C7 /* MedReminderTests.swift */,
				18FD669A2525E43400FA94C7 /* Info.plist */,
			);
			path = MedReminderTests;
			sourceTree = "<group>";
		};
		18FD66A22525E43400FA94C7 /* MedReminderUITests */ = {
			isa = PBXGroup;
			children = (
				18FD66A32525E43400FA94C7 /* MedReminderUITests.swift */,
				18FD66A52525E43400FA94C7 /* Info.plist */,
			);
			path = MedReminderUITests;
			sourceTree = "<group>";
		};
		18FD66BD2525E46700FA94C7 /* Supporting Files */ = {
			isa = PBXGroup;
			children = (
				18FD668A2525E43300FA94C7 /* Assets.xcassets */,
				18FD668C2525E43300FA94C7 /* LaunchScreen.storyboard */,
			);
			path = "Supporting Files";
			sourceTree = "<group>";
		};
		18FD66BE2525E47B00FA94C7 /* Core Data */ = {
			isa = PBXGroup;
			children = (
				18FD66BF2525E48300FA94C7 /* Model */,
			);
			path = "Core Data";
			sourceTree = "<group>";
		};
		18FD66BF2525E48300FA94C7 /* Model */ = {
			isa = PBXGroup;
			children = (
				18FD66872525E42E00FA94C7 /* MedReminder.xcdatamodeld */,
			);
			path = Model;
			sourceTree = "<group>";
		};
		18FD66C02525E49700FA94C7 /* Modules */ = {
			isa = PBXGroup;
			children = (
				18FD66C22525E4A700FA94C7 /* History */,
				18FD66C12525E49F00FA94C7 /* Dashboard */,
			);
			path = Modules;
			sourceTree = "<group>";
		};
		18FD66C12525E49F00FA94C7 /* Dashboard */ = {
			isa = PBXGroup;
			children = (
				18FD66C32525E4B000FA94C7 /* Controller */,
			);
			path = Dashboard;
			sourceTree = "<group>";
		};
		18FD66C22525E4A700FA94C7 /* History */ = {
			isa = PBXGroup;
			children = (
			);
			path = History;
			sourceTree = "<group>";
		};
		18FD66C32525E4B000FA94C7 /* Controller */ = {
			isa = PBXGroup;
			children = (
			);
			path = Controller;
			sourceTree = "<group>";
		};
/* End PBXGroup section */

/* Begin PBXNativeTarget section */
		18FD667A2525E42E00FA94C7 /* MedReminder */ = {
			isa = PBXNativeTarget;
			buildConfigurationList = 18FD66A82525E43400FA94C7 /* Build configuration list for PBXNativeTarget "MedReminder" */;
			buildPhases = (
				18FD66772525E42E00FA94C7 /* Sources */,
				18FD66782525E42E00FA94C7 /* Frameworks */,
				18FD66792525E42E00FA94C7 /* Resources */,
			);
			buildRules = (
			);
			dependencies = (
			);
			name = MedReminder;
			productName = MedReminder;
			productReference = 18FD667B2525E42E00FA94C7 /* MedReminder.app */;
			productType = "com.apple.product-type.application";
		};
		18FD66932525E43300FA94C7 /* MedReminderTests */ = {
			isa = PBXNativeTarget;
			buildConfigurationList = 18FD66AB2525E43400FA94C7 /* Build configuration list for PBXNativeTarget "MedReminderTests" */;
			buildPhases = (
				18FD66902525E43300FA94C7 /* Sources */,
				18FD66912525E43300FA94C7 /* Frameworks */,
				18FD66922525E43300FA94C7 /* Resources */,
			);
			buildRules = (
			);
			dependencies = (
				18FD66962525E43300FA94C7 /* PBXTargetDependency */,
			);
			name = MedReminderTests;
			productName = MedReminderTests;
			productReference = 18FD66942525E43300FA94C7 /* MedReminderTests.xctest */;
			productType = "com.apple.product-type.bundle.unit-test";
		};
		18FD669E2525E43400FA94C7 /* MedReminderUITests */ = {
			isa = PBXNativeTarget;
			buildConfigurationList = 18FD66AE2525E43400FA94C7 /* Build configuration list for PBXNativeTarget "MedReminderUITests" */;
			buildPhases = (
				18FD669B2525E43400FA94C7 /* Sources */,
				18FD669C2525E43400FA94C7 /* Frameworks */,
				18FD669D2525E43400FA94C7 /* Resources */,
			);
			buildRules = (
			);
			dependencies = (
				18FD66A12525E43400FA94C7 /* PBXTargetDependency */,
			);
			name = MedReminderUITests;
			productName = MedReminderUITests;
			productReference = 18FD669F2525E43400FA94C7 /* MedReminderUITests.xctest */;
			productType = "com.apple.product-type.bundle.ui-testing";
		};
/* End PBXNativeTarget section */

/* Begin PBXProject section */
		18FD66732525E42E00FA94C7 /* Project object */ = {
			isa = PBXProject;
			attributes = {
				LastSwiftUpdateCheck = 1200;
				LastUpgradeCheck = 1200;
				TargetAttributes = {
					18FD667A2525E42E00FA94C7 = {
						CreatedOnToolsVersion = 12.0;
					};
					18FD66932525E43300FA94C7 = {
						CreatedOnToolsVersion = 12.0;
						TestTargetID = 18FD667A2525E42E00FA94C7;
					};
					18FD669E2525E43400FA94C7 = {
						CreatedOnToolsVersion = 12.0;
						TestTargetID = 18FD667A2525E42E00FA94C7;
					};
				};
			};
			buildConfigurationList = 18FD66762525E42E00FA94C7 /* Build configuration list for PBXProject "MedReminder" */;
			compatibilityVersion = "Xcode 9.3";
			developmentRegion = en;
			hasScannedForEncodings = 0;
			knownRegions = (
				en,
				Base,
			);
			mainGroup = 18FD66722525E42E00FA94C7;
			productRefGroup = 18FD667C2525E42E00FA94C7 /* Products */;
			projectDirPath = "";
			projectRoot = "";
			targets = (
				18FD667A2525E42E00FA94C7 /* MedReminder */,
				18FD66932525E43300FA94C7 /* MedReminderTests */,
				18FD669E2525E43400FA94C7 /* MedReminderUITests */,
			);
		};
/* End PBXProject section */

/* Begin PBXResourcesBuildPhase section */
		18FD66792525E42E00FA94C7 /* Resources */ = {
			isa = PBXResourcesBuildPhase;
			buildActionMask = 2147483647;
			files = (
				18FD668E2525E43300FA94C7 /* LaunchScreen.storyboard in Resources */,
				18FD668B2525E43300FA94C7 /* Assets.xcassets in Resources */,
			);
			runOnlyForDeploymentPostprocessing = 0;
		};
		18FD66922525E43300FA94C7 /* Resources */ = {
			isa = PBXResourcesBuildPhase;
			buildActionMask = 2147483647;
			files = (
			);
			runOnlyForDeploymentPostprocessing = 0;
		};
		18FD669D2525E43400FA94C7 /* Resources */ = {
			isa = PBXResourcesBuildPhase;
			buildActionMask = 2147483647;
			files = (
			);
			runOnlyForDeploymentPostprocessing = 0;
		};
/* End PBXResourcesBuildPhase section */

/* Begin PBXSourcesBuildPhase section */
		18FD66772525E42E00FA94C7 /* Sources */ = {
			isa = PBXSourcesBuildPhase;
			buildActionMask = 2147483647;
			files = (
				18FD66892525E42E00FA94C7 /* MedReminder.xcdatamodeld in Sources */,
				18FD667F2525E42E00FA94C7 /* AppDelegate.swift in Sources */,
			);
			runOnlyForDeploymentPostprocessing = 0;
		};
		18FD66902525E43300FA94C7 /* Sources */ = {
			isa = PBXSourcesBuildPhase;
			buildActionMask = 2147483647;
			files = (
				18FD66992525E43400FA94C7 /* MedReminderTests.swift in Sources */,
			);
			runOnlyForDeploymentPostprocessing = 0;
		};
		18FD669B2525E43400FA94C7 /* Sources */ = {
			isa = PBXSourcesBuildPhase;
			buildActionMask = 2147483647;
			files = (
				18FD66A42525E43400FA94C7 /* MedReminderUITests.swift in Sources */,
			);
			runOnlyForDeploymentPostprocessing = 0;
		};
/* End PBXSourcesBuildPhase section */

/* Begin PBXTargetDependency section */
		18FD66962525E43300FA94C7 /* PBXTargetDependency */ = {
			isa = PBXTargetDependency;
			target = 18FD667A2525E42E00FA94C7 /* MedReminder */;
			targetProxy = 18FD66952525E43300FA94C7 /* PBXContainerItemProxy */;
		};
		18FD66A12525E43400FA94C7 /* PBXTargetDependency */ = {
			isa = PBXTargetDependency;
			target = 18FD667A2525E42E00FA94C7 /* MedReminder */;
			targetProxy = 18FD66A02525E43400FA94C7 /* PBXContainerItemProxy */;
		};
/* End PBXTargetDependency section */

/* Begin PBXVariantGroup section */
		18FD668C2525E43300FA94C7 /* LaunchScreen.storyboard */ = {
			isa = PBXVariantGroup;
			children = (
				18FD668D2525E43300FA94C7 /* Base */,
			);
			name = LaunchScreen.storyboard;
			sourceTree = "<group>";
		};
/* End PBXVariantGroup section */

/* Begin XCBuildConfiguration section */
		18FD66A62525E43400FA94C7 /* Debug */ = {
			isa = XCBuildConfiguration;
			buildSettings = {
				ALWAYS_SEARCH_USER_PATHS = NO;
				CLANG_ANALYZER_NONNULL = YES;
				CLANG_ANALYZER_NUMBER_OBJECT_CONVERSION = YES_AGGRESSIVE;
				CLANG_CXX_LANGUAGE_STANDARD = "gnu++14";
				CLANG_CXX_LIBRARY = "libc++";
				CLANG_ENABLE_MODULES = YES;
				CLANG_ENABLE_OBJC_ARC = YES;
				CLANG_ENABLE_OBJC_WEAK = YES;
				CLANG_WARN_BLOCK_CAPTURE_AUTORELEASING = YES;
				CLANG_WARN_BOOL_CONVERSION = YES;
				CLANG_WARN_COMMA = YES;
				CLANG_WARN_CONSTANT_CONVERSION = YES;
				CLANG_WARN_DEPRECATED_OBJC_IMPLEMENTATIONS = YES;
				CLANG_WARN_DIRECT_OBJC_ISA_USAGE = YES_ERROR;
				CLANG_WARN_DOCUMENTATION_COMMENTS = YES;
				CLANG_WARN_EMPTY_BODY = YES;
				CLANG_WARN_ENUM_CONVERSION = YES;
				CLANG_WARN_INFINITE_RECURSION = YES;
				CLANG_WARN_INT_CONVERSION = YES;
				CLANG_WARN_NON_LITERAL_NULL_CONVERSION = YES;
				CLANG_WARN_OBJC_IMPLICIT_RETAIN_SELF = YES;
				CLANG_WARN_OBJC_LITERAL_CONVERSION = YES;
				CLANG_WARN_OBJC_ROOT_CLASS = YES_ERROR;
				CLANG_WARN_QUOTED_INCLUDE_IN_FRAMEWORK_HEADER = YES;
				CLANG_WARN_RANGE_LOOP_ANALYSIS = YES;
				CLANG_WARN_STRICT_PROTOTYPES = YES;
				CLANG_WARN_SUSPICIOUS_MOVE = YES;
				CLANG_WARN_UNGUARDED_AVAILABILITY = YES_AGGRESSIVE;
				CLANG_WARN_UNREACHABLE_CODE = YES;
				CLANG_WARN__DUPLICATE_METHOD_MATCH = YES;
				COPY_PHASE_STRIP = NO;
				DEBUG_INFORMATION_FORMAT = dwarf;
				ENABLE_STRICT_OBJC_MSGSEND = YES;
				ENABLE_TESTABILITY = YES;
				GCC_C_LANGUAGE_STANDARD = gnu11;
				GCC_DYNAMIC_NO_PIC = NO;
				GCC_NO_COMMON_BLOCKS = YES;
				GCC_OPTIMIZATION_LEVEL = 0;
				GCC_PREPROCESSOR_DEFINITIONS = (
					"DEBUG=1",
					"$(inherited)",
				);
				GCC_WARN_64_TO_32_BIT_CONVERSION = YES;
				GCC_WARN_ABOUT_RETURN_TYPE = YES_ERROR;
				GCC_WARN_UNDECLARED_SELECTOR = YES;
				GCC_WARN_UNINITIALIZED_AUTOS = YES_AGGRESSIVE;
				GCC_WARN_UNUSED_FUNCTION = YES;
				GCC_WARN_UNUSED_VARIABLE = YES;
				IPHONEOS_DEPLOYMENT_TARGET = 14.0;
				MTL_ENABLE_DEBUG_INFO = INCLUDE_SOURCE;
				MTL_FAST_MATH = YES;
				ONLY_ACTIVE_ARCH = YES;
				SDKROOT = iphoneos;
				SWIFT_ACTIVE_COMPILATION_CONDITIONS = DEBUG;
				SWIFT_OPTIMIZATION_LEVEL = "-Onone";
			};
			name = Debug;
		};
		18FD66A72525E43400FA94C7 /* Release */ = {
			isa = XCBuildConfiguration;
			buildSettings = {
				ALWAYS_SEARCH_USER_PATHS = NO;
				CLANG_ANALYZER_NONNULL = YES;
				CLANG_ANALYZER_NUMBER_OBJECT_CONVERSION = YES_AGGRESSIVE;
				CLANG_CXX_LANGUAGE_STANDARD = "gnu++14";
				CLANG_CXX_LIBRARY = "libc++";
				CLANG_ENABLE_MODULES = YES;
				CLANG_ENABLE_OBJC_ARC = YES;
				CLANG_ENABLE_OBJC_WEAK = YES;
				CLANG_WARN_BLOCK_CAPTURE_AUTORELEASING = YES;
				CLANG_WARN_BOOL_CONVERSION = YES;
				CLANG_WARN_COMMA = YES;
				CLANG_WARN_CONSTANT_CONVERSION = YES;
				CLANG_WARN_DEPRECATED_OBJC_IMPLEMENTATIONS = YES;
				CLANG_WARN_DIRECT_OBJC_ISA_USAGE = YES_ERROR;
				CLANG_WARN_DOCUMENTATION_COMMENTS = YES;
				CLANG_WARN_EMPTY_BODY = YES;
				CLANG_WARN_ENUM_CONVERSION = YES;
				CLANG_WARN_INFINITE_RECURSION = YES;
				CLANG_WARN_INT_CONVERSION = YES;
				CLANG_WARN_NON_LITERAL_NULL_CONVERSION = YES;
				CLANG_WARN_OBJC_IMPLICIT_RETAIN_SELF = YES;
				CLANG_WARN_OBJC_LITERAL_CONVERSION = YES;
				CLANG_WARN_OBJC_ROOT_CLASS = YES_ERROR;
				CLANG_WARN_QUOTED_INCLUDE_IN_FRAMEWORK_HEADER = YES;
				CLANG_WARN_RANGE_LOOP_ANALYSIS = YES;
				CLANG_WARN_STRICT_PROTOTYPES = YES;
				CLANG_WARN_SUSPICIOUS_MOVE = YES;
				CLANG_WARN_UNGUARDED_AVAILABILITY = YES_AGGRESSIVE;
				CLANG_WARN_UNREACHABLE_CODE = YES;
				CLANG_WARN__DUPLICATE_METHOD_MATCH = YES;
				COPY_PHASE_STRIP = NO;
				DEBUG_INFORMATION_FORMAT = "dwarf-with-dsym";
				ENABLE_NS_ASSERTIONS = NO;
				ENABLE_STRICT_OBJC_MSGSEND = YES;
				GCC_C_LANGUAGE_STANDARD = gnu11;
				GCC_NO_COMMON_BLOCKS = YES;
				GCC_WARN_64_TO_32_BIT_CONVERSION = YES;
				GCC_WARN_ABOUT_RETURN_TYPE = YES_ERROR;
				GCC_WARN_UNDECLARED_SELECTOR = YES;
				GCC_WARN_UNINITIALIZED_AUTOS = YES_AGGRESSIVE;
				GCC_WARN_UNUSED_FUNCTION = YES;
				GCC_WARN_UNUSED_VARIABLE = YES;
				IPHONEOS_DEPLOYMENT_TARGET = 14.0;
				MTL_ENABLE_DEBUG_INFO = NO;
				MTL_FAST_MATH = YES;
				SDKROOT = iphoneos;
				SWIFT_COMPILATION_MODE = wholemodule;
				SWIFT_OPTIMIZATION_LEVEL = "-O";
				VALIDATE_PRODUCT = YES;
			};
			name = Release;
		};
		18FD66A92525E43400FA94C7 /* Debug */ = {
			isa = XCBuildConfiguration;
			buildSettings = {
				ASSETCATALOG_COMPILER_APPICON_NAME = AppIcon;
				ASSETCATALOG_COMPILER_GLOBAL_ACCENT_COLOR_NAME = AccentColor;
				CODE_SIGN_STYLE = Automatic;
				DEVELOPMENT_TEAM = BAHUH6U3J7;
				INFOPLIST_FILE = MedReminder/Info.plist;
				LD_RUNPATH_SEARCH_PATHS = (
					"$(inherited)",
					"@executable_path/Frameworks",
				);
				PRODUCT_BUNDLE_IDENTIFIER = com.sharad.MedReminder;
				PRODUCT_NAME = "$(TARGET_NAME)";
				SWIFT_VERSION = 5.0;
				TARGETED_DEVICE_FAMILY = "1,2";
			};
			name = Debug;
		};
		18FD66AA2525E43400FA94C7 /* Release */ = {
			isa = XCBuildConfiguration;
			buildSettings = {
				ASSETCATALOG_COMPILER_APPICON_NAME = AppIcon;
				ASSETCATALOG_COMPILER_GLOBAL_ACCENT_COLOR_NAME = AccentColor;
				CODE_SIGN_STYLE = Automatic;
				DEVELOPMENT_TEAM = BAHUH6U3J7;
				INFOPLIST_FILE = MedReminder/Info.plist;
				LD_RUNPATH_SEARCH_PATHS = (
					"$(inherited)",
					"@executable_path/Frameworks",
				);
				PRODUCT_BUNDLE_IDENTIFIER = com.sharad.MedReminder;
				PRODUCT_NAME = "$(TARGET_NAME)";
				SWIFT_VERSION = 5.0;
				TARGETED_DEVICE_FAMILY = "1,2";
			};
			name = Release;
		};
		18FD66AC2525E43400FA94C7 /* Debug */ = {
			isa = XCBuildConfiguration;
			buildSettings = {
				ALWAYS_EMBED_SWIFT_STANDARD_LIBRARIES = YES;
				BUNDLE_LOADER = "$(TEST_HOST)";
				CODE_SIGN_STYLE = Automatic;
				DEVELOPMENT_TEAM = BAHUH6U3J7;
				INFOPLIST_FILE = MedReminderTests/Info.plist;
				IPHONEOS_DEPLOYMENT_TARGET = 14.0;
				LD_RUNPATH_SEARCH_PATHS = (
					"$(inherited)",
					"@executable_path/Frameworks",
					"@loader_path/Frameworks",
				);
				PRODUCT_BUNDLE_IDENTIFIER = com.sharad.MedReminderTests;
				PRODUCT_NAME = "$(TARGET_NAME)";
				SWIFT_VERSION = 5.0;
				TARGETED_DEVICE_FAMILY = "1,2";
				TEST_HOST = "$(BUILT_PRODUCTS_DIR)/MedReminder.app/MedReminder";
			};
			name = Debug;
		};
		18FD66AD2525E43400FA94C7 /* Release */ = {
			isa = XCBuildConfiguration;
			buildSettings = {
				ALWAYS_EMBED_SWIFT_STANDARD_LIBRARIES = YES;
				BUNDLE_LOADER = "$(TEST_HOST)";
				CODE_SIGN_STYLE = Automatic;
				DEVELOPMENT_TEAM = BAHUH6U3J7;
				INFOPLIST_FILE = MedReminderTests/Info.plist;
				IPHONEOS_DEPLOYMENT_TARGET = 14.0;
				LD_RUNPATH_SEARCH_PATHS = (
					"$(inherited)",
					"@executable_path/Frameworks",
					"@loader_path/Frameworks",
				);
				PRODUCT_BUNDLE_IDENTIFIER = com.sharad.MedReminderTests;
				PRODUCT_NAME = "$(TARGET_NAME)";
				SWIFT_VERSION = 5.0;
				TARGETED_DEVICE_FAMILY = "1,2";
				TEST_HOST = "$(BUILT_PRODUCTS_DIR)/MedReminder.app/MedReminder";
			};
			name = Release;
		};
		18FD66AF2525E43400FA94C7 /* Debug */ = {
			isa = XCBuildConfiguration;
			buildSettings = {
				ALWAYS_EMBED_SWIFT_STANDARD_LIBRARIES = YES;
				CODE_SIGN_STYLE = Automatic;
				DEVELOPMENT_TEAM = BAHUH6U3J7;
				INFOPLIST_FILE = MedReminderUITests/Info.plist;
				LD_RUNPATH_SEARCH_PATHS = (
					"$(inherited)",
					"@executable_path/Frameworks",
					"@loader_path/Frameworks",
				);
				PRODUCT_BUNDLE_IDENTIFIER = com.sharad.MedReminderUITests;
				PRODUCT_NAME = "$(TARGET_NAME)";
				SWIFT_VERSION = 5.0;
				TARGETED_DEVICE_FAMILY = "1,2";
				TEST_TARGET_NAME = MedReminder;
			};
			name = Debug;
		};
		18FD66B02525E43400FA94C7 /* Release */ = {
			isa = XCBuildConfiguration;
			buildSettings = {
				ALWAYS_EMBED_SWIFT_STANDARD_LIBRARIES = YES;
				CODE_SIGN_STYLE = Automatic;
				DEVELOPMENT_TEAM = BAHUH6U3J7;
				INFOPLIST_FILE = MedReminderUITests/Info.plist;
				LD_RUNPATH_SEARCH_PATHS = (
					"$(inherited)",
					"@executable_path/Frameworks",
					"@loader_path/Frameworks",
				);
				PRODUCT_BUNDLE_IDENTIFIER = com.sharad.MedReminderUITests;
				PRODUCT_NAME = "$(TARGET_NAME)";
				SWIFT_VERSION = 5.0;
				TARGETED_DEVICE_FAMILY = "1,2";
				TEST_TARGET_NAME = MedReminder;
			};
			name = Release;
		};
/* End XCBuildConfiguration section */

/* Begin XCConfigurationList section */
		18FD66762525E42E00FA94C7 /* Build configuration list for PBXProject "MedReminder" */ = {
			isa = XCConfigurationList;
			buildConfigurations = (
				18FD66A62525E43400FA94C7 /* Debug */,
				18FD66A72525E43400FA94C7 /* Release */,
			);
			defaultConfigurationIsVisible = 0;
			defaultConfigurationName = Release;
		};
		18FD66A82525E43400FA94C7 /* Build configuration list for PBXNativeTarget "MedReminder" */ = {
			isa = XCConfigurationList;
			buildConfigurations = (
				18FD66A92525E43400FA94C7 /* Debug */,
				18FD66AA2525E43400FA94C7 /* Release */,
			);
			defaultConfigurationIsVisible = 0;
			defaultConfigurationName = Release;
		};
		18FD66AB2525E43400FA94C7 /* Build configuration list for PBXNativeTarget "MedReminderTests" */ = {
			isa = XCConfigurationList;
			buildConfigurations = (
				18FD66AC2525E43400FA94C7 /* Debug */,
				18FD66AD2525E43400FA94C7 /* Release */,
			);
			defaultConfigurationIsVisible = 0;
			defaultConfigurationName = Release;
		};
		18FD66AE2525E43400FA94C7 /* Build configuration list for PBXNativeTarget "MedReminderUITests" */ = {
			isa = XCConfigurationList;
			buildConfigurations = (
				18FD66AF2525E43400FA94C7 /* Debug */,
				18FD66B02525E43400FA94C7 /* Release */,
			);
			defaultConfigurationIsVisible = 0;
			defaultConfigurationName = Release;
		};
/* End XCConfigurationList section */

/* Begin XCVersionGroup section */
		18FD66872525E42E00FA94C7 /* MedReminder.xcdatamodeld */ = {
			isa = XCVersionGroup;
			children = (
				18FD66882525E42E00FA94C7 /* MedReminder.xcdatamodel */,
			);
			currentVersion = 18FD66882525E42E00FA94C7 /* MedReminder.xcdatamodel */;
			path = MedReminder.xcdatamodeld;
			sourceTree = "<group>";
			versionGroupType = wrapper.xcdatamodel;
		};
/* End XCVersionGroup section */
	};
	rootObject = 18FD66732525E42E00FA94C7 /* Project object */;
}
