// !$*UTF8*$!
{
	archiveVersion = 1;
	classes = {
	};
	objectVersion = 50;
	objects = {

/* Begin PBXBuildFile section */
		185E65A6251E38E5009EA955 /* AppDelegate.swift in Sources */ = {isa = PBXBuildFile; fileRef = 185E65A5251E38E5009EA955 /* AppDelegate.swift */; };
		185E65A8251E38E5009EA955 /* SceneDelegate.swift in Sources */ = {isa = PBXBuildFile; fileRef = 185E65A7251E38E5009EA955 /* SceneDelegate.swift */; };
		185E65B0251E38E5009EA955 /* PhotoLove.xcdatamodeld in Sources */ = {isa = PBXBuildFile; fileRef = 185E65AE251E38E5009EA955 /* PhotoLove.xcdatamodeld */; };
		185E65B2251E38E9009EA955 /* Assets.xcassets in Resources */ = {isa = PBXBuildFile; fileRef = 185E65B1251E38E9009EA955 /* Assets.xcassets */; };
		185E65B5251E38E9009EA955 /* LaunchScreen.storyboard in Resources */ = {isa = PBXBuildFile; fileRef = 185E65B3251E38E9009EA955 /* LaunchScreen.storyboard */; };
		185E65C0251E38EA009EA955 /* PhotoLoveTests.swift in Sources */ = {isa = PBXBuildFile; fileRef = 185E65BF251E38EA009EA955 /* PhotoLoveTests.swift */; };
		185E65CB251E38EA009EA955 /* PhotoLoveUITests.swift in Sources */ = {isa = PBXBuildFile; fileRef = 185E65CA251E38EA009EA955 /* PhotoLoveUITests.swift */; };
		35FED7C85B03AD5D95B3E4F5 /* Pods_PhotoLoveTests.framework in Frameworks */ = {isa = PBXBuildFile; fileRef = 8FAD82F8B1BA35F7861C4180 /* Pods_PhotoLoveTests.framework */; };
		A1D7CBFF663FB6B8432F3383 /* Pods_PhotoLove_PhotoLoveUITests.framework in Frameworks */ = {isa = PBXBuildFile; fileRef = F8E3B107757565668150A881 /* Pods_PhotoLove_PhotoLoveUITests.framework */; };
		D475B2008A8103DCDB39203D /* Pods_PhotoLove.framework in Frameworks */ = {isa = PBXBuildFile; fileRef = E2E5AB417048571409A513EA /* Pods_PhotoLove.framework */; };
/* End PBXBuildFile section */

/* Begin PBXContainerItemProxy section */
		185E65BC251E38EA009EA955 /* PBXContainerItemProxy */ = {
			isa = PBXContainerItemProxy;
			containerPortal = 185E659A251E38E5009EA955 /* Project object */;
			proxyType = 1;
			remoteGlobalIDString = 185E65A1251E38E5009EA955;
			remoteInfo = PhotoLove;
		};
		185E65C7251E38EA009EA955 /* PBXContainerItemProxy */ = {
			isa = PBXContainerItemProxy;
			containerPortal = 185E659A251E38E5009EA955 /* Project object */;
			proxyType = 1;
			remoteGlobalIDString = 185E65A1251E38E5009EA955;
			remoteInfo = PhotoLove;
		};
/* End PBXContainerItemProxy section */

/* Begin PBXFileReference section */
		04CC0BEA0AD7379746516E43 /* Pods-PhotoLove.debug.xcconfig */ = {isa = PBXFileReference; includeInIndex = 1; lastKnownFileType = text.xcconfig; name = "Pods-PhotoLove.debug.xcconfig"; path = "Target Support Files/Pods-PhotoLove/Pods-PhotoLove.debug.xcconfig"; sourceTree = "<group>"; };
		185E65A2251E38E5009EA955 /* PhotoLove.app */ = {isa = PBXFileReference; explicitFileType = wrapper.application; includeInIndex = 0; path = PhotoLove.app; sourceTree = BUILT_PRODUCTS_DIR; };
		185E65A5251E38E5009EA955 /* AppDelegate.swift */ = {isa = PBXFileReference; lastKnownFileType = sourcecode.swift; path = AppDelegate.swift; sourceTree = "<group>"; };
		185E65A7251E38E5009EA955 /* SceneDelegate.swift */ = {isa = PBXFileReference; lastKnownFileType = sourcecode.swift; path = SceneDelegate.swift; sourceTree = "<group>"; };
		185E65AF251E38E5009EA955 /* PhotoLove.xcdatamodel */ = {isa = PBXFileReference; lastKnownFileType = wrapper.xcdatamodel; path = PhotoLove.xcdatamodel; sourceTree = "<group>"; };
		185E65B1251E38E9009EA955 /* Assets.xcassets */ = {isa = PBXFileReference; lastKnownFileType = folder.assetcatalog; path = Assets.xcassets; sourceTree = "<group>"; };
		185E65B4251E38E9009EA955 /* Base */ = {isa = PBXFileReference; lastKnownFileType = file.storyboard; name = Base; path = Base.lproj/LaunchScreen.storyboard; sourceTree = "<group>"; };
		185E65B6251E38E9009EA955 /* Info.plist */ = {isa = PBXFileReference; lastKnownFileType = text.plist.xml; path = Info.plist; sourceTree = "<group>"; };
		185E65BB251E38EA009EA955 /* PhotoLoveTests.xctest */ = {isa = PBXFileReference; explicitFileType = wrapper.cfbundle; includeInIndex = 0; path = PhotoLoveTests.xctest; sourceTree = BUILT_PRODUCTS_DIR; };
		185E65BF251E38EA009EA955 /* PhotoLoveTests.swift */ = {isa = PBXFileReference; lastKnownFileType = sourcecode.swift; path = PhotoLoveTests.swift; sourceTree = "<group>"; };
		185E65C1251E38EA009EA955 /* Info.plist */ = {isa = PBXFileReference; lastKnownFileType = text.plist.xml; path = Info.plist; sourceTree = "<group>"; };
		185E65C6251E38EA009EA955 /* PhotoLoveUITests.xctest */ = {isa = PBXFileReference; explicitFileType = wrapper.cfbundle; includeInIndex = 0; path = PhotoLoveUITests.xctest; sourceTree = BUILT_PRODUCTS_DIR; };
		185E65CA251E38EA009EA955 /* PhotoLoveUITests.swift */ = {isa = PBXFileReference; lastKnownFileType = sourcecode.swift; path = PhotoLoveUITests.swift; sourceTree = "<group>"; };
		185E65CC251E38EA009EA955 /* Info.plist */ = {isa = PBXFileReference; lastKnownFileType = text.plist.xml; path = Info.plist; sourceTree = "<group>"; };
		2DAF49F7B3F08F93F63BF60E /* Pods-PhotoLove.release.xcconfig */ = {isa = PBXFileReference; includeInIndex = 1; lastKnownFileType = text.xcconfig; name = "Pods-PhotoLove.release.xcconfig"; path = "Target Support Files/Pods-PhotoLove/Pods-PhotoLove.release.xcconfig"; sourceTree = "<group>"; };
		8FAD82F8B1BA35F7861C4180 /* Pods_PhotoLoveTests.framework */ = {isa = PBXFileReference; explicitFileType = wrapper.framework; includeInIndex = 0; path = Pods_PhotoLoveTests.framework; sourceTree = BUILT_PRODUCTS_DIR; };
		9763FE8076D22A8610F1C39F /* Pods-PhotoLove-PhotoLoveUITests.release.xcconfig */ = {isa = PBXFileReference; includeInIndex = 1; lastKnownFileType = text.xcconfig; name = "Pods-PhotoLove-PhotoLoveUITests.release.xcconfig"; path = "Target Support Files/Pods-PhotoLove-PhotoLoveUITests/Pods-PhotoLove-PhotoLoveUITests.release.xcconfig"; sourceTree = "<group>"; };
		AC2DD5FD8EAA73F0C4CE7F7B /* Pods-PhotoLoveTests.debug.xcconfig */ = {isa = PBXFileReference; includeInIndex = 1; lastKnownFileType = text.xcconfig; name = "Pods-PhotoLoveTests.debug.xcconfig"; path = "Target Support Files/Pods-PhotoLoveTests/Pods-PhotoLoveTests.debug.xcconfig"; sourceTree = "<group>"; };
		D0E07448918863960284414F /* Pods-PhotoLoveTests.release.xcconfig */ = {isa = PBXFileReference; includeInIndex = 1; lastKnownFileType = text.xcconfig; name = "Pods-PhotoLoveTests.release.xcconfig"; path = "Target Support Files/Pods-PhotoLoveTests/Pods-PhotoLoveTests.release.xcconfig"; sourceTree = "<group>"; };
		DAA65626B08247832B5FC3D0 /* Pods-PhotoLove-PhotoLoveUITests.debug.xcconfig */ = {isa = PBXFileReference; includeInIndex = 1; lastKnownFileType = text.xcconfig; name = "Pods-PhotoLove-PhotoLoveUITests.debug.xcconfig"; path = "Target Support Files/Pods-PhotoLove-PhotoLoveUITests/Pods-PhotoLove-PhotoLoveUITests.debug.xcconfig"; sourceTree = "<group>"; };
		E2E5AB417048571409A513EA /* Pods_PhotoLove.framework */ = {isa = PBXFileReference; explicitFileType = wrapper.framework; includeInIndex = 0; path = Pods_PhotoLove.framework; sourceTree = BUILT_PRODUCTS_DIR; };
		F8E3B107757565668150A881 /* Pods_PhotoLove_PhotoLoveUITests.framework */ = {isa = PBXFileReference; explicitFileType = wrapper.framework; includeInIndex = 0; path = Pods_PhotoLove_PhotoLoveUITests.framework; sourceTree = BUILT_PRODUCTS_DIR; };
/* End PBXFileReference section */

/* Begin PBXFrameworksBuildPhase section */
		185E659F251E38E5009EA955 /* Frameworks */ = {
			isa = PBXFrameworksBuildPhase;
			buildActionMask = 2147483647;
			files = (
				D475B2008A8103DCDB39203D /* Pods_PhotoLove.framework in Frameworks */,
			);
			runOnlyForDeploymentPostprocessing = 0;
		};
		185E65B8251E38EA009EA955 /* Frameworks */ = {
			isa = PBXFrameworksBuildPhase;
			buildActionMask = 2147483647;
			files = (
				35FED7C85B03AD5D95B3E4F5 /* Pods_PhotoLoveTests.framework in Frameworks */,
			);
			runOnlyForDeploymentPostprocessing = 0;
		};
		185E65C3251E38EA009EA955 /* Frameworks */ = {
			isa = PBXFrameworksBuildPhase;
			buildActionMask = 2147483647;
			files = (
				A1D7CBFF663FB6B8432F3383 /* Pods_PhotoLove_PhotoLoveUITests.framework in Frameworks */,
			);
			runOnlyForDeploymentPostprocessing = 0;
		};
/* End PBXFrameworksBuildPhase section */

/* Begin PBXGroup section */
		185E6599251E38E5009EA955 = {
			isa = PBXGroup;
			children = (
				185E65A4251E38E5009EA955 /* PhotoLove */,
				185E65BE251E38EA009EA955 /* PhotoLoveTests */,
				185E65C9251E38EA009EA955 /* PhotoLoveUITests */,
				185E65A3251E38E5009EA955 /* Products */,
				CEA02AF310AB8DD58FAFC1BB /* Pods */,
				B96D7AC07252CC1B1D724EBA /* Frameworks */,
			);
			sourceTree = "<group>";
		};
		185E65A3251E38E5009EA955 /* Products */ = {
			isa = PBXGroup;
			children = (
				185E65A2251E38E5009EA955 /* PhotoLove.app */,
				185E65BB251E38EA009EA955 /* PhotoLoveTests.xctest */,
				185E65C6251E38EA009EA955 /* PhotoLoveUITests.xctest */,
			);
			name = Products;
			sourceTree = "<group>";
		};
		185E65A4251E38E5009EA955 /* PhotoLove */ = {
			isa = PBXGroup;
			children = (
				185E65A5251E38E5009EA955 /* AppDelegate.swift */,
				185E65A7251E38E5009EA955 /* SceneDelegate.swift */,
				185E65E1251E3949009EA955 /* Modules */,
				185E65E2251E3959009EA955 /* Supporting Files */,
				185E65B6251E38E9009EA955 /* Info.plist */,
			);
			path = PhotoLove;
			sourceTree = "<group>";
		};
		185E65BE251E38EA009EA955 /* PhotoLoveTests */ = {
			isa = PBXGroup;
			children = (
				185E65BF251E38EA009EA955 /* PhotoLoveTests.swift */,
				185E65C1251E38EA009EA955 /* Info.plist */,
			);
			path = PhotoLoveTests;
			sourceTree = "<group>";
		};
		185E65C9251E38EA009EA955 /* PhotoLoveUITests */ = {
			isa = PBXGroup;
			children = (
				185E65CA251E38EA009EA955 /* PhotoLoveUITests.swift */,
				185E65CC251E38EA009EA955 /* Info.plist */,
			);
			path = PhotoLoveUITests;
			sourceTree = "<group>";
		};
		185E65E1251E3949009EA955 /* Modules */ = {
			isa = PBXGroup;
			children = (
			);
			path = Modules;
			sourceTree = "<group>";
		};
		185E65E2251E3959009EA955 /* Supporting Files */ = {
			isa = PBXGroup;
			children = (
				185E65B1251E38E9009EA955 /* Assets.xcassets */,
				185E65B3251E38E9009EA955 /* LaunchScreen.storyboard */,
				185E65AE251E38E5009EA955 /* PhotoLove.xcdatamodeld */,
			);
			path = "Supporting Files";
			sourceTree = "<group>";
		};
		B96D7AC07252CC1B1D724EBA /* Frameworks */ = {
			isa = PBXGroup;
			children = (
				E2E5AB417048571409A513EA /* Pods_PhotoLove.framework */,
				F8E3B107757565668150A881 /* Pods_PhotoLove_PhotoLoveUITests.framework */,
				8FAD82F8B1BA35F7861C4180 /* Pods_PhotoLoveTests.framework */,
			);
			name = Frameworks;
			sourceTree = "<group>";
		};
		CEA02AF310AB8DD58FAFC1BB /* Pods */ = {
			isa = PBXGroup;
			children = (
				04CC0BEA0AD7379746516E43 /* Pods-PhotoLove.debug.xcconfig */,
				2DAF49F7B3F08F93F63BF60E /* Pods-PhotoLove.release.xcconfig */,
				DAA65626B08247832B5FC3D0 /* Pods-PhotoLove-PhotoLoveUITests.debug.xcconfig */,
				9763FE8076D22A8610F1C39F /* Pods-PhotoLove-PhotoLoveUITests.release.xcconfig */,
				AC2DD5FD8EAA73F0C4CE7F7B /* Pods-PhotoLoveTests.debug.xcconfig */,
				D0E07448918863960284414F /* Pods-PhotoLoveTests.release.xcconfig */,
			);
			name = Pods;
			path = Pods;
			sourceTree = "<group>";
		};
/* End PBXGroup section */

/* Begin PBXNativeTarget section */
		185E65A1251E38E5009EA955 /* PhotoLove */ = {
			isa = PBXNativeTarget;
			buildConfigurationList = 185E65CF251E38EA009EA955 /* Build configuration list for PBXNativeTarget "PhotoLove" */;
			buildPhases = (
				06400EF56C1160671DF52AC8 /* [CP] Check Pods Manifest.lock */,
				185E659E251E38E5009EA955 /* Sources */,
				185E659F251E38E5009EA955 /* Frameworks */,
				185E65A0251E38E5009EA955 /* Resources */,
				019D858528E88A503D30F641 /* [CP] Embed Pods Frameworks */,
			);
			buildRules = (
			);
			dependencies = (
			);
			name = PhotoLove;
			productName = PhotoLove;
			productReference = 185E65A2251E38E5009EA955 /* PhotoLove.app */;
			productType = "com.apple.product-type.application";
		};
		185E65BA251E38EA009EA955 /* PhotoLoveTests */ = {
			isa = PBXNativeTarget;
			buildConfigurationList = 185E65D2251E38EA009EA955 /* Build configuration list for PBXNativeTarget "PhotoLoveTests" */;
			buildPhases = (
				5DB7D13220F3D545523C6C75 /* [CP] Check Pods Manifest.lock */,
				185E65B7251E38EA009EA955 /* Sources */,
				185E65B8251E38EA009EA955 /* Frameworks */,
				185E65B9251E38EA009EA955 /* Resources */,
			);
			buildRules = (
			);
			dependencies = (
				185E65BD251E38EA009EA955 /* PBXTargetDependency */,
			);
			name = PhotoLoveTests;
			productName = PhotoLoveTests;
			productReference = 185E65BB251E38EA009EA955 /* PhotoLoveTests.xctest */;
			productType = "com.apple.product-type.bundle.unit-test";
		};
		185E65C5251E38EA009EA955 /* PhotoLoveUITests */ = {
			isa = PBXNativeTarget;
			buildConfigurationList = 185E65D5251E38EA009EA955 /* Build configuration list for PBXNativeTarget "PhotoLoveUITests" */;
			buildPhases = (
				D03741B3CD938C0CFC23128A /* [CP] Check Pods Manifest.lock */,
				185E65C2251E38EA009EA955 /* Sources */,
				185E65C3251E38EA009EA955 /* Frameworks */,
				185E65C4251E38EA009EA955 /* Resources */,
				48C24F646C733BA95815057C /* [CP] Embed Pods Frameworks */,
			);
			buildRules = (
			);
			dependencies = (
				185E65C8251E38EA009EA955 /* PBXTargetDependency */,
			);
			name = PhotoLoveUITests;
			productName = PhotoLoveUITests;
			productReference = 185E65C6251E38EA009EA955 /* PhotoLoveUITests.xctest */;
			productType = "com.apple.product-type.bundle.ui-testing";
		};
/* End PBXNativeTarget section */

/* Begin PBXProject section */
		185E659A251E38E5009EA955 /* Project object */ = {
			isa = PBXProject;
			attributes = {
				LastSwiftUpdateCheck = 1200;
				LastUpgradeCheck = 1200;
				TargetAttributes = {
					185E65A1251E38E5009EA955 = {
						CreatedOnToolsVersion = 12.0;
					};
					185E65BA251E38EA009EA955 = {
						CreatedOnToolsVersion = 12.0;
						TestTargetID = 185E65A1251E38E5009EA955;
					};
					185E65C5251E38EA009EA955 = {
						CreatedOnToolsVersion = 12.0;
						TestTargetID = 185E65A1251E38E5009EA955;
					};
				};
			};
			buildConfigurationList = 185E659D251E38E5009EA955 /* Build configuration list for PBXProject "PhotoLove" */;
			compatibilityVersion = "Xcode 9.3";
			developmentRegion = en;
			hasScannedForEncodings = 0;
			knownRegions = (
				en,
				Base,
			);
			mainGroup = 185E6599251E38E5009EA955;
			productRefGroup = 185E65A3251E38E5009EA955 /* Products */;
			projectDirPath = "";
			projectRoot = "";
			targets = (
				185E65A1251E38E5009EA955 /* PhotoLove */,
				185E65BA251E38EA009EA955 /* PhotoLoveTests */,
				185E65C5251E38EA009EA955 /* PhotoLoveUITests */,
			);
		};
/* End PBXProject section */

/* Begin PBXResourcesBuildPhase section */
		185E65A0251E38E5009EA955 /* Resources */ = {
			isa = PBXResourcesBuildPhase;
			buildActionMask = 2147483647;
			files = (
				185E65B5251E38E9009EA955 /* LaunchScreen.storyboard in Resources */,
				185E65B2251E38E9009EA955 /* Assets.xcassets in Resources */,
			);
			runOnlyForDeploymentPostprocessing = 0;
		};
		185E65B9251E38EA009EA955 /* Resources */ = {
			isa = PBXResourcesBuildPhase;
			buildActionMask = 2147483647;
			files = (
			);
			runOnlyForDeploymentPostprocessing = 0;
		};
		185E65C4251E38EA009EA955 /* Resources */ = {
			isa = PBXResourcesBuildPhase;
			buildActionMask = 2147483647;
			files = (
			);
			runOnlyForDeploymentPostprocessing = 0;
		};
/* End PBXResourcesBuildPhase section */

/* Begin PBXShellScriptBuildPhase section */
		019D858528E88A503D30F641 /* [CP] Embed Pods Frameworks */ = {
			isa = PBXShellScriptBuildPhase;
			buildActionMask = 2147483647;
			files = (
			);
			inputFileListPaths = (
				"${PODS_ROOT}/Target Support Files/Pods-PhotoLove/Pods-PhotoLove-frameworks-${CONFIGURATION}-input-files.xcfilelist",
			);
			name = "[CP] Embed Pods Frameworks";
			outputFileListPaths = (
				"${PODS_ROOT}/Target Support Files/Pods-PhotoLove/Pods-PhotoLove-frameworks-${CONFIGURATION}-output-files.xcfilelist",
			);
			runOnlyForDeploymentPostprocessing = 0;
			shellPath = /bin/sh;
			shellScript = "\"${PODS_ROOT}/Target Support Files/Pods-PhotoLove/Pods-PhotoLove-frameworks.sh\"\n";
			showEnvVarsInLog = 0;
		};
		06400EF56C1160671DF52AC8 /* [CP] Check Pods Manifest.lock */ = {
			isa = PBXShellScriptBuildPhase;
			buildActionMask = 2147483647;
			files = (
			);
			inputFileListPaths = (
			);
			inputPaths = (
				"${PODS_PODFILE_DIR_PATH}/Podfile.lock",
				"${PODS_ROOT}/Manifest.lock",
			);
			name = "[CP] Check Pods Manifest.lock";
			outputFileListPaths = (
			);
			outputPaths = (
				"$(DERIVED_FILE_DIR)/Pods-PhotoLove-checkManifestLockResult.txt",
			);
			runOnlyForDeploymentPostprocessing = 0;
			shellPath = /bin/sh;
			shellScript = "diff \"${PODS_PODFILE_DIR_PATH}/Podfile.lock\" \"${PODS_ROOT}/Manifest.lock\" > /dev/null\nif [ $? != 0 ] ; then\n    # print error to STDERR\n    echo \"error: The sandbox is not in sync with the Podfile.lock. Run 'pod install' or update your CocoaPods installation.\" >&2\n    exit 1\nfi\n# This output is used by Xcode 'outputs' to avoid re-running this script phase.\necho \"SUCCESS\" > \"${SCRIPT_OUTPUT_FILE_0}\"\n";
			showEnvVarsInLog = 0;
		};
		48C24F646C733BA95815057C /* [CP] Embed Pods Frameworks */ = {
			isa = PBXShellScriptBuildPhase;
			buildActionMask = 2147483647;
			files = (
			);
			inputFileListPaths = (
				"${PODS_ROOT}/Target Support Files/Pods-PhotoLove-PhotoLoveUITests/Pods-PhotoLove-PhotoLoveUITests-frameworks-${CONFIGURATION}-input-files.xcfilelist",
			);
			name = "[CP] Embed Pods Frameworks";
			outputFileListPaths = (
				"${PODS_ROOT}/Target Support Files/Pods-PhotoLove-PhotoLoveUITests/Pods-PhotoLove-PhotoLoveUITests-frameworks-${CONFIGURATION}-output-files.xcfilelist",
			);
			runOnlyForDeploymentPostprocessing = 0;
			shellPath = /bin/sh;
			shellScript = "\"${PODS_ROOT}/Target Support Files/Pods-PhotoLove-PhotoLoveUITests/Pods-PhotoLove-PhotoLoveUITests-frameworks.sh\"\n";
			showEnvVarsInLog = 0;
		};
		5DB7D13220F3D545523C6C75 /* [CP] Check Pods Manifest.lock */ = {
			isa = PBXShellScriptBuildPhase;
			buildActionMask = 2147483647;
			files = (
			);
			inputFileListPaths = (
			);
			inputPaths = (
				"${PODS_PODFILE_DIR_PATH}/Podfile.lock",
				"${PODS_ROOT}/Manifest.lock",
			);
			name = "[CP] Check Pods Manifest.lock";
			outputFileListPaths = (
			);
			outputPaths = (
				"$(DERIVED_FILE_DIR)/Pods-PhotoLoveTests-checkManifestLockResult.txt",
			);
			runOnlyForDeploymentPostprocessing = 0;
			shellPath = /bin/sh;
			shellScript = "diff \"${PODS_PODFILE_DIR_PATH}/Podfile.lock\" \"${PODS_ROOT}/Manifest.lock\" > /dev/null\nif [ $? != 0 ] ; then\n    # print error to STDERR\n    echo \"error: The sandbox is not in sync with the Podfile.lock. Run 'pod install' or update your CocoaPods installation.\" >&2\n    exit 1\nfi\n# This output is used by Xcode 'outputs' to avoid re-running this script phase.\necho \"SUCCESS\" > \"${SCRIPT_OUTPUT_FILE_0}\"\n";
			showEnvVarsInLog = 0;
		};
		D03741B3CD938C0CFC23128A /* [CP] Check Pods Manifest.lock */ = {
			isa = PBXShellScriptBuildPhase;
			buildActionMask = 2147483647;
			files = (
			);
			inputFileListPaths = (
			);
			inputPaths = (
				"${PODS_PODFILE_DIR_PATH}/Podfile.lock",
				"${PODS_ROOT}/Manifest.lock",
			);
			name = "[CP] Check Pods Manifest.lock";
			outputFileListPaths = (
			);
			outputPaths = (
				"$(DERIVED_FILE_DIR)/Pods-PhotoLove-PhotoLoveUITests-checkManifestLockResult.txt",
			);
			runOnlyForDeploymentPostprocessing = 0;
			shellPath = /bin/sh;
			shellScript = "diff \"${PODS_PODFILE_DIR_PATH}/Podfile.lock\" \"${PODS_ROOT}/Manifest.lock\" > /dev/null\nif [ $? != 0 ] ; then\n    # print error to STDERR\n    echo \"error: The sandbox is not in sync with the Podfile.lock. Run 'pod install' or update your CocoaPods installation.\" >&2\n    exit 1\nfi\n# This output is used by Xcode 'outputs' to avoid re-running this script phase.\necho \"SUCCESS\" > \"${SCRIPT_OUTPUT_FILE_0}\"\n";
			showEnvVarsInLog = 0;
		};
/* End PBXShellScriptBuildPhase section */

/* Begin PBXSourcesBuildPhase section */
		185E659E251E38E5009EA955 /* Sources */ = {
			isa = PBXSourcesBuildPhase;
			buildActionMask = 2147483647;
			files = (
				185E65A6251E38E5009EA955 /* AppDelegate.swift in Sources */,
				185E65B0251E38E5009EA955 /* PhotoLove.xcdatamodeld in Sources */,
				185E65A8251E38E5009EA955 /* SceneDelegate.swift in Sources */,
			);
			runOnlyForDeploymentPostprocessing = 0;
		};
		185E65B7251E38EA009EA955 /* Sources */ = {
			isa = PBXSourcesBuildPhase;
			buildActionMask = 2147483647;
			files = (
				185E65C0251E38EA009EA955 /* PhotoLoveTests.swift in Sources */,
			);
			runOnlyForDeploymentPostprocessing = 0;
		};
		185E65C2251E38EA009EA955 /* Sources */ = {
			isa = PBXSourcesBuildPhase;
			buildActionMask = 2147483647;
			files = (
				185E65CB251E38EA009EA955 /* PhotoLoveUITests.swift in Sources */,
			);
			runOnlyForDeploymentPostprocessing = 0;
		};
/* End PBXSourcesBuildPhase section */

/* Begin PBXTargetDependency section */
		185E65BD251E38EA009EA955 /* PBXTargetDependency */ = {
			isa = PBXTargetDependency;
			target = 185E65A1251E38E5009EA955 /* PhotoLove */;
			targetProxy = 185E65BC251E38EA009EA955 /* PBXContainerItemProxy */;
		};
		185E65C8251E38EA009EA955 /* PBXTargetDependency */ = {
			isa = PBXTargetDependency;
			target = 185E65A1251E38E5009EA955 /* PhotoLove */;
			targetProxy = 185E65C7251E38EA009EA955 /* PBXContainerItemProxy */;
		};
/* End PBXTargetDependency section */

/* Begin PBXVariantGroup section */
		185E65B3251E38E9009EA955 /* LaunchScreen.storyboard */ = {
			isa = PBXVariantGroup;
			children = (
				185E65B4251E38E9009EA955 /* Base */,
			);
			name = LaunchScreen.storyboard;
			sourceTree = "<group>";
		};
/* End PBXVariantGroup section */

/* Begin XCBuildConfiguration section */
		185E65CD251E38EA009EA955 /* Debug */ = {
			isa = XCBuildConfiguration;
			buildSettings = {
				ALWAYS_SEARCH_USER_PATHS = NO;
				CLANG_ANALYZER_NONNULL = YES;
				CLANG_ANALYZER_NUMBER_OBJECT_CONVERSION = YES_AGGRESSIVE;
				CLANG_CXX_LANGUAGE_STANDARD = "gnu++14";
				CLANG_CXX_LIBRARY = "libc++";
				CLANG_ENABLE_MODULES = YES;
				CLANG_ENABLE_OBJC_ARC = YES;
				CLANG_ENABLE_OBJC_WEAK = YES;
				CLANG_WARN_BLOCK_CAPTURE_AUTORELEASING = YES;
				CLANG_WARN_BOOL_CONVERSION = YES;
				CLANG_WARN_COMMA = YES;
				CLANG_WARN_CONSTANT_CONVERSION = YES;
				CLANG_WARN_DEPRECATED_OBJC_IMPLEMENTATIONS = YES;
				CLANG_WARN_DIRECT_OBJC_ISA_USAGE = YES_ERROR;
				CLANG_WARN_DOCUMENTATION_COMMENTS = YES;
				CLANG_WARN_EMPTY_BODY = YES;
				CLANG_WARN_ENUM_CONVERSION = YES;
				CLANG_WARN_INFINITE_RECURSION = YES;
				CLANG_WARN_INT_CONVERSION = YES;
				CLANG_WARN_NON_LITERAL_NULL_CONVERSION = YES;
				CLANG_WARN_OBJC_IMPLICIT_RETAIN_SELF = YES;
				CLANG_WARN_OBJC_LITERAL_CONVERSION = YES;
				CLANG_WARN_OBJC_ROOT_CLASS = YES_ERROR;
				CLANG_WARN_QUOTED_INCLUDE_IN_FRAMEWORK_HEADER = YES;
				CLANG_WARN_RANGE_LOOP_ANALYSIS = YES;
				CLANG_WARN_STRICT_PROTOTYPES = YES;
				CLANG_WARN_SUSPICIOUS_MOVE = YES;
				CLANG_WARN_UNGUARDED_AVAILABILITY = YES_AGGRESSIVE;
				CLANG_WARN_UNREACHABLE_CODE = YES;
				CLANG_WARN__DUPLICATE_METHOD_MATCH = YES;
				COPY_PHASE_STRIP = NO;
				DEBUG_INFORMATION_FORMAT = dwarf;
				ENABLE_STRICT_OBJC_MSGSEND = YES;
				ENABLE_TESTABILITY = YES;
				GCC_C_LANGUAGE_STANDARD = gnu11;
				GCC_DYNAMIC_NO_PIC = NO;
				GCC_NO_COMMON_BLOCKS = YES;
				GCC_OPTIMIZATION_LEVEL = 0;
				GCC_PREPROCESSOR_DEFINITIONS = (
					"DEBUG=1",
					"$(inherited)",
				);
				GCC_WARN_64_TO_32_BIT_CONVERSION = YES;
				GCC_WARN_ABOUT_RETURN_TYPE = YES_ERROR;
				GCC_WARN_UNDECLARED_SELECTOR = YES;
				GCC_WARN_UNINITIALIZED_AUTOS = YES_AGGRESSIVE;
				GCC_WARN_UNUSED_FUNCTION = YES;
				GCC_WARN_UNUSED_VARIABLE = YES;
				IPHONEOS_DEPLOYMENT_TARGET = 14.0;
				MTL_ENABLE_DEBUG_INFO = INCLUDE_SOURCE;
				MTL_FAST_MATH = YES;
				ONLY_ACTIVE_ARCH = YES;
				SDKROOT = iphoneos;
				SWIFT_ACTIVE_COMPILATION_CONDITIONS = DEBUG;
				SWIFT_OPTIMIZATION_LEVEL = "-Onone";
			};
			name = Debug;
		};
		185E65CE251E38EA009EA955 /* Release */ = {
			isa = XCBuildConfiguration;
			buildSettings = {
				ALWAYS_SEARCH_USER_PATHS = NO;
				CLANG_ANALYZER_NONNULL = YES;
				CLANG_ANALYZER_NUMBER_OBJECT_CONVERSION = YES_AGGRESSIVE;
				CLANG_CXX_LANGUAGE_STANDARD = "gnu++14";
				CLANG_CXX_LIBRARY = "libc++";
				CLANG_ENABLE_MODULES = YES;
				CLANG_ENABLE_OBJC_ARC = YES;
				CLANG_ENABLE_OBJC_WEAK = YES;
				CLANG_WARN_BLOCK_CAPTURE_AUTORELEASING = YES;
				CLANG_WARN_BOOL_CONVERSION = YES;
				CLANG_WARN_COMMA = YES;
				CLANG_WARN_CONSTANT_CONVERSION = YES;
				CLANG_WARN_DEPRECATED_OBJC_IMPLEMENTATIONS = YES;
				CLANG_WARN_DIRECT_OBJC_ISA_USAGE = YES_ERROR;
				CLANG_WARN_DOCUMENTATION_COMMENTS = YES;
				CLANG_WARN_EMPTY_BODY = YES;
				CLANG_WARN_ENUM_CONVERSION = YES;
				CLANG_WARN_INFINITE_RECURSION = YES;
				CLANG_WARN_INT_CONVERSION = YES;
				CLANG_WARN_NON_LITERAL_NULL_CONVERSION = YES;
				CLANG_WARN_OBJC_IMPLICIT_RETAIN_SELF = YES;
				CLANG_WARN_OBJC_LITERAL_CONVERSION = YES;
				CLANG_WARN_OBJC_ROOT_CLASS = YES_ERROR;
				CLANG_WARN_QUOTED_INCLUDE_IN_FRAMEWORK_HEADER = YES;
				CLANG_WARN_RANGE_LOOP_ANALYSIS = YES;
				CLANG_WARN_STRICT_PROTOTYPES = YES;
				CLANG_WARN_SUSPICIOUS_MOVE = YES;
				CLANG_WARN_UNGUARDED_AVAILABILITY = YES_AGGRESSIVE;
				CLANG_WARN_UNREACHABLE_CODE = YES;
				CLANG_WARN__DUPLICATE_METHOD_MATCH = YES;
				COPY_PHASE_STRIP = NO;
				DEBUG_INFORMATION_FORMAT = "dwarf-with-dsym";
				ENABLE_NS_ASSERTIONS = NO;
				ENABLE_STRICT_OBJC_MSGSEND = YES;
				GCC_C_LANGUAGE_STANDARD = gnu11;
				GCC_NO_COMMON_BLOCKS = YES;
				GCC_WARN_64_TO_32_BIT_CONVERSION = YES;
				GCC_WARN_ABOUT_RETURN_TYPE = YES_ERROR;
				GCC_WARN_UNDECLARED_SELECTOR = YES;
				GCC_WARN_UNINITIALIZED_AUTOS = YES_AGGRESSIVE;
				GCC_WARN_UNUSED_FUNCTION = YES;
				GCC_WARN_UNUSED_VARIABLE = YES;
				IPHONEOS_DEPLOYMENT_TARGET = 14.0;
				MTL_ENABLE_DEBUG_INFO = NO;
				MTL_FAST_MATH = YES;
				SDKROOT = iphoneos;
				SWIFT_COMPILATION_MODE = wholemodule;
				SWIFT_OPTIMIZATION_LEVEL = "-O";
				VALIDATE_PRODUCT = YES;
			};
			name = Release;
		};
		185E65D0251E38EA009EA955 /* Debug */ = {
			isa = XCBuildConfiguration;
			baseConfigurationReference = 04CC0BEA0AD7379746516E43 /* Pods-PhotoLove.debug.xcconfig */;
			buildSettings = {
				ASSETCATALOG_COMPILER_APPICON_NAME = AppIcon;
				ASSETCATALOG_COMPILER_GLOBAL_ACCENT_COLOR_NAME = AccentColor;
				CODE_SIGN_STYLE = Automatic;
				DEVELOPMENT_TEAM = BAHUH6U3J7;
				INFOPLIST_FILE = PhotoLove/Info.plist;
				LD_RUNPATH_SEARCH_PATHS = (
					"$(inherited)",
					"@executable_path/Frameworks",
				);
				PRODUCT_BUNDLE_IDENTIFIER = com.sharad.PhotoLove;
				PRODUCT_NAME = "$(TARGET_NAME)";
				SWIFT_VERSION = 5.0;
				TARGETED_DEVICE_FAMILY = "1,2";
			};
			name = Debug;
		};
		185E65D1251E38EA009EA955 /* Release */ = {
			isa = XCBuildConfiguration;
			baseConfigurationReference = 2DAF49F7B3F08F93F63BF60E /* Pods-PhotoLove.release.xcconfig */;
			buildSettings = {
				ASSETCATALOG_COMPILER_APPICON_NAME = AppIcon;
				ASSETCATALOG_COMPILER_GLOBAL_ACCENT_COLOR_NAME = AccentColor;
				CODE_SIGN_STYLE = Automatic;
				DEVELOPMENT_TEAM = BAHUH6U3J7;
				INFOPLIST_FILE = PhotoLove/Info.plist;
				LD_RUNPATH_SEARCH_PATHS = (
					"$(inherited)",
					"@executable_path/Frameworks",
				);
				PRODUCT_BUNDLE_IDENTIFIER = com.sharad.PhotoLove;
				PRODUCT_NAME = "$(TARGET_NAME)";
				SWIFT_VERSION = 5.0;
				TARGETED_DEVICE_FAMILY = "1,2";
			};
			name = Release;
		};
		185E65D3251E38EA009EA955 /* Debug */ = {
			isa = XCBuildConfiguration;
			baseConfigurationReference = AC2DD5FD8EAA73F0C4CE7F7B /* Pods-PhotoLoveTests.debug.xcconfig */;
			buildSettings = {
				ALWAYS_EMBED_SWIFT_STANDARD_LIBRARIES = YES;
				BUNDLE_LOADER = "$(TEST_HOST)";
				CODE_SIGN_STYLE = Automatic;
				DEVELOPMENT_TEAM = BAHUH6U3J7;
				INFOPLIST_FILE = PhotoLoveTests/Info.plist;
				IPHONEOS_DEPLOYMENT_TARGET = 14.0;
				LD_RUNPATH_SEARCH_PATHS = (
					"$(inherited)",
					"@executable_path/Frameworks",
					"@loader_path/Frameworks",
				);
				PRODUCT_BUNDLE_IDENTIFIER = com.sharad.PhotoLoveTests;
				PRODUCT_NAME = "$(TARGET_NAME)";
				SWIFT_VERSION = 5.0;
				TARGETED_DEVICE_FAMILY = "1,2";
				TEST_HOST = "$(BUILT_PRODUCTS_DIR)/PhotoLove.app/PhotoLove";
			};
			name = Debug;
		};
		185E65D4251E38EA009EA955 /* Release */ = {
			isa = XCBuildConfiguration;
			baseConfigurationReference = D0E07448918863960284414F /* Pods-PhotoLoveTests.release.xcconfig */;
			buildSettings = {
				ALWAYS_EMBED_SWIFT_STANDARD_LIBRARIES = YES;
				BUNDLE_LOADER = "$(TEST_HOST)";
				CODE_SIGN_STYLE = Automatic;
				DEVELOPMENT_TEAM = BAHUH6U3J7;
				INFOPLIST_FILE = PhotoLoveTests/Info.plist;
				IPHONEOS_DEPLOYMENT_TARGET = 14.0;
				LD_RUNPATH_SEARCH_PATHS = (
					"$(inherited)",
					"@executable_path/Frameworks",
					"@loader_path/Frameworks",
				);
				PRODUCT_BUNDLE_IDENTIFIER = com.sharad.PhotoLoveTests;
				PRODUCT_NAME = "$(TARGET_NAME)";
				SWIFT_VERSION = 5.0;
				TARGETED_DEVICE_FAMILY = "1,2";
				TEST_HOST = "$(BUILT_PRODUCTS_DIR)/PhotoLove.app/PhotoLove";
			};
			name = Release;
		};
		185E65D6251E38EA009EA955 /* Debug */ = {
			isa = XCBuildConfiguration;
			baseConfigurationReference = DAA65626B08247832B5FC3D0 /* Pods-PhotoLove-PhotoLoveUITests.debug.xcconfig */;
			buildSettings = {
				ALWAYS_EMBED_SWIFT_STANDARD_LIBRARIES = YES;
				CODE_SIGN_STYLE = Automatic;
				DEVELOPMENT_TEAM = BAHUH6U3J7;
				INFOPLIST_FILE = PhotoLoveUITests/Info.plist;
				LD_RUNPATH_SEARCH_PATHS = (
					"$(inherited)",
					"@executable_path/Frameworks",
					"@loader_path/Frameworks",
				);
				PRODUCT_BUNDLE_IDENTIFIER = com.sharad.PhotoLoveUITests;
				PRODUCT_NAME = "$(TARGET_NAME)";
				SWIFT_VERSION = 5.0;
				TARGETED_DEVICE_FAMILY = "1,2";
				TEST_TARGET_NAME = PhotoLove;
			};
			name = Debug;
		};
		185E65D7251E38EA009EA955 /* Release */ = {
			isa = XCBuildConfiguration;
			baseConfigurationReference = 9763FE8076D22A8610F1C39F /* Pods-PhotoLove-PhotoLoveUITests.release.xcconfig */;
			buildSettings = {
				ALWAYS_EMBED_SWIFT_STANDARD_LIBRARIES = YES;
				CODE_SIGN_STYLE = Automatic;
				DEVELOPMENT_TEAM = BAHUH6U3J7;
				INFOPLIST_FILE = PhotoLoveUITests/Info.plist;
				LD_RUNPATH_SEARCH_PATHS = (
					"$(inherited)",
					"@executable_path/Frameworks",
					"@loader_path/Frameworks",
				);
				PRODUCT_BUNDLE_IDENTIFIER = com.sharad.PhotoLoveUITests;
				PRODUCT_NAME = "$(TARGET_NAME)";
				SWIFT_VERSION = 5.0;
				TARGETED_DEVICE_FAMILY = "1,2";
				TEST_TARGET_NAME = PhotoLove;
			};
			name = Release;
		};
/* End XCBuildConfiguration section */

/* Begin XCConfigurationList section */
		185E659D251E38E5009EA955 /* Build configuration list for PBXProject "PhotoLove" */ = {
			isa = XCConfigurationList;
			buildConfigurations = (
				185E65CD251E38EA009EA955 /* Debug */,
				185E65CE251E38EA009EA955 /* Release */,
			);
			defaultConfigurationIsVisible = 0;
			defaultConfigurationName = Release;
		};
		185E65CF251E38EA009EA955 /* Build configuration list for PBXNativeTarget "PhotoLove" */ = {
			isa = XCConfigurationList;
			buildConfigurations = (
				185E65D0251E38EA009EA955 /* Debug */,
				185E65D1251E38EA009EA955 /* Release */,
			);
			defaultConfigurationIsVisible = 0;
			defaultConfigurationName = Release;
		};
		185E65D2251E38EA009EA955 /* Build configuration list for PBXNativeTarget "PhotoLoveTests" */ = {
			isa = XCConfigurationList;
			buildConfigurations = (
				185E65D3251E38EA009EA955 /* Debug */,
				185E65D4251E38EA009EA955 /* Release */,
			);
			defaultConfigurationIsVisible = 0;
			defaultConfigurationName = Release;
		};
		185E65D5251E38EA009EA955 /* Build configuration list for PBXNativeTarget "PhotoLoveUITests" */ = {
			isa = XCConfigurationList;
			buildConfigurations = (
				185E65D6251E38EA009EA955 /* Debug */,
				185E65D7251E38EA009EA955 /* Release */,
			);
			defaultConfigurationIsVisible = 0;
			defaultConfigurationName = Release;
		};
/* End XCConfigurationList section */

/* Begin XCVersionGroup section */
		185E65AE251E38E5009EA955 /* PhotoLove.xcdatamodeld */ = {
			isa = XCVersionGroup;
			children = (
				185E65AF251E38E5009EA955 /* PhotoLove.xcdatamodel */,
			);
			currentVersion = 185E65AF251E38E5009EA955 /* PhotoLove.xcdatamodel */;
			path = PhotoLove.xcdatamodeld;
			sourceTree = "<group>";
			versionGroupType = wrapper.xcdatamodel;
		};
/* End XCVersionGroup section */
	};
	rootObject = 185E659A251E38E5009EA955 /* Project object */;
}
