// !$*UTF8*$!
{
	archiveVersion = 1;
	classes = {
	};
	objectVersion = 51;
	objects = {

/* Begin PBXBuildFile section */
		1801B0B3252068BF00B21ED4 /* Routable.swift in Sources */ = {isa = PBXBuildFile; fileRef = 1801B0B2252068BF00B21ED4 /* Routable.swift */; };
		1801B0B8252068EA00B21ED4 /* HTTPMethod.swift in Sources */ = {isa = PBXBuildFile; fileRef = 1801B0B7252068EA00B21ED4 /* HTTPMethod.swift */; };
		1801B0BD2520690300B21ED4 /* RawJSONOverHTTP.swift in Sources */ = {isa = PBXBuildFile; fileRef = 1801B0BC2520690300B21ED4 /* RawJSONOverHTTP.swift */; };
		1801B0C22520692D00B21ED4 /* APIRouter.swift in Sources */ = {isa = PBXBuildFile; fileRef = 1801B0C12520692D00B21ED4 /* APIRouter.swift */; };
		1801B0C82520699700B21ED4 /* URLSessionDataTaskProtocol.swift in Sources */ = {isa = PBXBuildFile; fileRef = 1801B0C72520699700B21ED4 /* URLSessionDataTaskProtocol.swift */; };
		1801B0D0252069AB00B21ED4 /* MockURLSession.swift in Sources */ = {isa = PBXBuildFile; fileRef = 1801B0CF252069AB00B21ED4 /* MockURLSession.swift */; };
		1801B0D6252069EF00B21ED4 /* PhotosErrors.swift in Sources */ = {isa = PBXBuildFile; fileRef = 1801B0D5252069EF00B21ED4 /* PhotosErrors.swift */; };
		180A3C242521C2B700D448DA /* SplashScreenController.swift in Sources */ = {isa = PBXBuildFile; fileRef = 180A3C222521C2B700D448DA /* SplashScreenController.swift */; };
		180A3C252521C2B700D448DA /* SplashScreenController.xib in Resources */ = {isa = PBXBuildFile; fileRef = 180A3C232521C2B700D448DA /* SplashScreenController.xib */; };
		180A3C362521C6EE00D448DA /* LoginScreenController.swift in Sources */ = {isa = PBXBuildFile; fileRef = 180A3C342521C6EE00D448DA /* LoginScreenController.swift */; };
		180A3C372521C6EE00D448DA /* LoginScreenController.xib in Resources */ = {isa = PBXBuildFile; fileRef = 180A3C352521C6EE00D448DA /* LoginScreenController.xib */; };
		180A3C402521CFCB00D448DA /* UIColorExtensions.swift in Sources */ = {isa = PBXBuildFile; fileRef = 180A3C3F2521CFCB00D448DA /* UIColorExtensions.swift */; };
		180A3C452521D04800D448DA /* UIViewExtensions.swift in Sources */ = {isa = PBXBuildFile; fileRef = 180A3C442521D04800D448DA /* UIViewExtensions.swift */; };
		180A3C682521D5A800D448DA /* LoginScreenViewModel.swift in Sources */ = {isa = PBXBuildFile; fileRef = 180A3C672521D5A800D448DA /* LoginScreenViewModel.swift */; };
		180A3C702521DC9300D448DA /* StringExtension.swift in Sources */ = {isa = PBXBuildFile; fileRef = 180A3C6F2521DC9300D448DA /* StringExtension.swift */; };
		180A3C772521EFDC00D448DA /* FirebaseService.swift in Sources */ = {isa = PBXBuildFile; fileRef = 180A3C762521EFDC00D448DA /* FirebaseService.swift */; };
		180A3C802521F0C900D448DA /* FirebaseAuthenticationHandler.swift in Sources */ = {isa = PBXBuildFile; fileRef = 180A3C7F2521F0C900D448DA /* FirebaseAuthenticationHandler.swift */; };
		180A3CBF2521F6B400D448DA /* GoogleService-Info.plist in Resources */ = {isa = PBXBuildFile; fileRef = 180A3CBE2521F6B400D448DA /* GoogleService-Info.plist */; };
		180A3D0625221B6500D448DA /* LoginScreenUITests.swift in Sources */ = {isa = PBXBuildFile; fileRef = 180A3D0525221B6500D448DA /* LoginScreenUITests.swift */; };
		180A3D0F25221DE500D448DA /* XCTestCaseExtension.swift in Sources */ = {isa = PBXBuildFile; fileRef = 180A3D0E25221DE500D448DA /* XCTestCaseExtension.swift */; };
		182BE54D25246E2D0013C580 /* TestSchedulerExtensions.swift in Sources */ = {isa = PBXBuildFile; fileRef = 182BE54C25246E2D0013C580 /* TestSchedulerExtensions.swift */; };
		1830708B2522335B00A817E6 /* UIViewReactiveExtension.swift in Sources */ = {isa = PBXBuildFile; fileRef = 1830708A2522335B00A817E6 /* UIViewReactiveExtension.swift */; };
		183070AE25226BFA00A817E6 /* RandomPhotosCollectionCell.swift in Sources */ = {isa = PBXBuildFile; fileRef = 183070AC25226BFA00A817E6 /* RandomPhotosCollectionCell.swift */; };
		183070AF25226BFA00A817E6 /* RandomPhotosCollectionCell.xib in Resources */ = {isa = PBXBuildFile; fileRef = 183070AD25226BFA00A817E6 /* RandomPhotosCollectionCell.xib */; };
		183070B925226E2D00A817E6 /* RandomPhotosAPIOutput.swift in Sources */ = {isa = PBXBuildFile; fileRef = 183070B825226E2D00A817E6 /* RandomPhotosAPIOutput.swift */; };
		183070C82522723A00A817E6 /* RandomPhotosAPIService.swift in Sources */ = {isa = PBXBuildFile; fileRef = 183070C72522723A00A817E6 /* RandomPhotosAPIService.swift */; };
		183070D02522728F00A817E6 /* APIClient.swift in Sources */ = {isa = PBXBuildFile; fileRef = 183070CF2522728F00A817E6 /* APIClient.swift */; };
		183070D7252272F600A817E6 /* ThirdPartyConstants.swift in Sources */ = {isa = PBXBuildFile; fileRef = 183070D6252272F600A817E6 /* ThirdPartyConstants.swift */; };
		185E65A6251E38E5009EA955 /* AppDelegate.swift in Sources */ = {isa = PBXBuildFile; fileRef = 185E65A5251E38E5009EA955 /* AppDelegate.swift */; };
		185E65B0251E38E5009EA955 /* PhotoLove.xcdatamodeld in Sources */ = {isa = PBXBuildFile; fileRef = 185E65AE251E38E5009EA955 /* PhotoLove.xcdatamodeld */; };
		185E65B2251E38E9009EA955 /* Assets.xcassets in Resources */ = {isa = PBXBuildFile; fileRef = 185E65B1251E38E9009EA955 /* Assets.xcassets */; };
		185E65B5251E38E9009EA955 /* LaunchScreen.storyboard in Resources */ = {isa = PBXBuildFile; fileRef = 185E65B3251E38E9009EA955 /* LaunchScreen.storyboard */; };
		185E65C0251E38EA009EA955 /* PhotoLoveTests.swift in Sources */ = {isa = PBXBuildFile; fileRef = 185E65BF251E38EA009EA955 /* PhotoLoveTests.swift */; };
		185E65CB251E38EA009EA955 /* PhotoLoveUITests.swift in Sources */ = {isa = PBXBuildFile; fileRef = 185E65CA251E38EA009EA955 /* PhotoLoveUITests.swift */; };
		18E639B12523504500B6B66D /* FirestoreOperations.swift in Sources */ = {isa = PBXBuildFile; fileRef = 18E639B02523504500B6B66D /* FirestoreOperations.swift */; };
		18E639FB2523801400B6B66D /* DashboardFlowUITests.swift in Sources */ = {isa = PBXBuildFile; fileRef = 18E639FA2523801400B6B66D /* DashboardFlowUITests.swift */; };
		18E63A0C25238A9100B6B66D /* LoginScreenUnitTests.swift in Sources */ = {isa = PBXBuildFile; fileRef = 18E63A0B25238A9100B6B66D /* LoginScreenUnitTests.swift */; };
		18FD66F92525E4FB00FA94C7 /* FavouritePhotosController.swift in Sources */ = {isa = PBXBuildFile; fileRef = 18FD66E92525E4FB00FA94C7 /* FavouritePhotosController.swift */; };
		18FD66FA2525E4FB00FA94C7 /* FavouritePhotosController.xib in Resources */ = {isa = PBXBuildFile; fileRef = 18FD66EA2525E4FB00FA94C7 /* FavouritePhotosController.xib */; };
		18FD66FB2525E4FB00FA94C7 /* FavouritePhotosViewModel.swift in Sources */ = {isa = PBXBuildFile; fileRef = 18FD66EC2525E4FB00FA94C7 /* FavouritePhotosViewModel.swift */; };
		18FD66FC2525E4FB00FA94C7 /* DashboardBasePageController.xib in Resources */ = {isa = PBXBuildFile; fileRef = 18FD66EF2525E4FB00FA94C7 /* DashboardBasePageController.xib */; };
		18FD66FD2525E4FB00FA94C7 /* DashboardBasePageController.swift in Sources */ = {isa = PBXBuildFile; fileRef = 18FD66F02525E4FB00FA94C7 /* DashboardBasePageController.swift */; };
		18FD66FE2525E4FB00FA94C7 /* DashboardBasePageViewModel.swift in Sources */ = {isa = PBXBuildFile; fileRef = 18FD66F22525E4FB00FA94C7 /* DashboardBasePageViewModel.swift */; };
		18FD66FF2525E4FB00FA94C7 /* RandomPhotosController.xib in Resources */ = {isa = PBXBuildFile; fileRef = 18FD66F52525E4FB00FA94C7 /* RandomPhotosController.xib */; };
		18FD67002525E4FB00FA94C7 /* RandomPhotosController.swift in Sources */ = {isa = PBXBuildFile; fileRef = 18FD66F62525E4FB00FA94C7 /* RandomPhotosController.swift */; };
		18FD67012525E4FB00FA94C7 /* RandomPhotosViewModel.swift in Sources */ = {isa = PBXBuildFile; fileRef = 18FD66F82525E4FB00FA94C7 /* RandomPhotosViewModel.swift */; };
		18FF2F1025231109005C9FB0 /* RandomPhotosResponse.json in Resources */ = {isa = PBXBuildFile; fileRef = 18FF2F0F25231109005C9FB0 /* RandomPhotosResponse.json */; };
		18FF2F1C252311BF005C9FB0 /* RandomPhotosScreenAPITests.swift in Sources */ = {isa = PBXBuildFile; fileRef = 18FF2F1B252311BF005C9FB0 /* RandomPhotosScreenAPITests.swift */; };
		18FF2F2425231D76005C9FB0 /* UICollectionViewExtensions.swift in Sources */ = {isa = PBXBuildFile; fileRef = 18FF2F2325231D76005C9FB0 /* UICollectionViewExtensions.swift */; };
		18FF2F2A25231ECD005C9FB0 /* ImageDownloadManager.swift in Sources */ = {isa = PBXBuildFile; fileRef = 18FF2F2925231ECD005C9FB0 /* ImageDownloadManager.swift */; };
		35FED7C85B03AD5D95B3E4F5 /* Pods_PhotoLoveTests.framework in Frameworks */ = {isa = PBXBuildFile; fileRef = 8FAD82F8B1BA35F7861C4180 /* Pods_PhotoLoveTests.framework */; };
		A1D7CBFF663FB6B8432F3383 /* Pods_PhotoLove_PhotoLoveUITests.framework in Frameworks */ = {isa = PBXBuildFile; fileRef = F8E3B107757565668150A881 /* Pods_PhotoLove_PhotoLoveUITests.framework */; };
		D475B2008A8103DCDB39203D /* Pods_PhotoLove.framework in Frameworks */ = {isa = PBXBuildFile; fileRef = E2E5AB417048571409A513EA /* Pods_PhotoLove.framework */; };
/* End PBXBuildFile section */

/* Begin PBXContainerItemProxy section */
		185E65BC251E38EA009EA955 /* PBXContainerItemProxy */ = {
			isa = PBXContainerItemProxy;
			containerPortal = 185E659A251E38E5009EA955 /* Project object */;
			proxyType = 1;
			remoteGlobalIDString = 185E65A1251E38E5009EA955;
			remoteInfo = PhotoLove;
		};
		185E65C7251E38EA009EA955 /* PBXContainerItemProxy */ = {
			isa = PBXContainerItemProxy;
			containerPortal = 185E659A251E38E5009EA955 /* Project object */;
			proxyType = 1;
			remoteGlobalIDString = 185E65A1251E38E5009EA955;
			remoteInfo = PhotoLove;
		};
/* End PBXContainerItemProxy section */

/* Begin PBXFileReference section */
		04CC0BEA0AD7379746516E43 /* Pods-PhotoLove.debug.xcconfig */ = {isa = PBXFileReference; includeInIndex = 1; lastKnownFileType = text.xcconfig; name = "Pods-PhotoLove.debug.xcconfig"; path = "Target Support Files/Pods-PhotoLove/Pods-PhotoLove.debug.xcconfig"; sourceTree = "<group>"; };
		1801B0B2252068BF00B21ED4 /* Routable.swift */ = {isa = PBXFileReference; lastKnownFileType = sourcecode.swift; path = Routable.swift; sourceTree = "<group>"; };
		1801B0B7252068EA00B21ED4 /* HTTPMethod.swift */ = {isa = PBXFileReference; lastKnownFileType = sourcecode.swift; path = HTTPMethod.swift; sourceTree = "<group>"; };
		1801B0BC2520690300B21ED4 /* RawJSONOverHTTP.swift */ = {isa = PBXFileReference; lastKnownFileType = sourcecode.swift; path = RawJSONOverHTTP.swift; sourceTree = "<group>"; };
		1801B0C12520692D00B21ED4 /* APIRouter.swift */ = {isa = PBXFileReference; lastKnownFileType = sourcecode.swift; path = APIRouter.swift; sourceTree = "<group>"; };
		1801B0C72520699700B21ED4 /* URLSessionDataTaskProtocol.swift */ = {isa = PBXFileReference; lastKnownFileType = sourcecode.swift; path = URLSessionDataTaskProtocol.swift; sourceTree = "<group>"; };
		1801B0CF252069AB00B21ED4 /* MockURLSession.swift */ = {isa = PBXFileReference; lastKnownFileType = sourcecode.swift; path = MockURLSession.swift; sourceTree = "<group>"; };
		1801B0D5252069EF00B21ED4 /* PhotosErrors.swift */ = {isa = PBXFileReference; lastKnownFileType = sourcecode.swift; path = PhotosErrors.swift; sourceTree = "<group>"; };
		180A3C222521C2B700D448DA /* SplashScreenController.swift */ = {isa = PBXFileReference; lastKnownFileType = sourcecode.swift; path = SplashScreenController.swift; sourceTree = "<group>"; };
		180A3C232521C2B700D448DA /* SplashScreenController.xib */ = {isa = PBXFileReference; lastKnownFileType = file.xib; path = SplashScreenController.xib; sourceTree = "<group>"; };
		180A3C342521C6EE00D448DA /* LoginScreenController.swift */ = {isa = PBXFileReference; lastKnownFileType = sourcecode.swift; path = LoginScreenController.swift; sourceTree = "<group>"; };
		180A3C352521C6EE00D448DA /* LoginScreenController.xib */ = {isa = PBXFileReference; lastKnownFileType = file.xib; path = LoginScreenController.xib; sourceTree = "<group>"; };
		180A3C3F2521CFCB00D448DA /* UIColorExtensions.swift */ = {isa = PBXFileReference; lastKnownFileType = sourcecode.swift; path = UIColorExtensions.swift; sourceTree = "<group>"; };
		180A3C442521D04800D448DA /* UIViewExtensions.swift */ = {isa = PBXFileReference; lastKnownFileType = sourcecode.swift; path = UIViewExtensions.swift; sourceTree = "<group>"; };
		180A3C672521D5A800D448DA /* LoginScreenViewModel.swift */ = {isa = PBXFileReference; lastKnownFileType = sourcecode.swift; path = LoginScreenViewModel.swift; sourceTree = "<group>"; };
		180A3C6F2521DC9300D448DA /* StringExtension.swift */ = {isa = PBXFileReference; lastKnownFileType = sourcecode.swift; path = StringExtension.swift; sourceTree = "<group>"; };
		180A3C762521EFDC00D448DA /* FirebaseService.swift */ = {isa = PBXFileReference; lastKnownFileType = sourcecode.swift; path = FirebaseService.swift; sourceTree = "<group>"; };
		180A3C7F2521F0C900D448DA /* FirebaseAuthenticationHandler.swift */ = {isa = PBXFileReference; lastKnownFileType = sourcecode.swift; path = FirebaseAuthenticationHandler.swift; sourceTree = "<group>"; };
		180A3CBE2521F6B400D448DA /* GoogleService-Info.plist */ = {isa = PBXFileReference; fileEncoding = 4; lastKnownFileType = text.plist.xml; path = "GoogleService-Info.plist"; sourceTree = "<group>"; };
		180A3D0525221B6500D448DA /* LoginScreenUITests.swift */ = {isa = PBXFileReference; lastKnownFileType = sourcecode.swift; path = LoginScreenUITests.swift; sourceTree = "<group>"; };
		180A3D0E25221DE500D448DA /* XCTestCaseExtension.swift */ = {isa = PBXFileReference; lastKnownFileType = sourcecode.swift; path = XCTestCaseExtension.swift; sourceTree = "<group>"; };
		182BE54C25246E2D0013C580 /* TestSchedulerExtensions.swift */ = {isa = PBXFileReference; lastKnownFileType = sourcecode.swift; path = TestSchedulerExtensions.swift; sourceTree = "<group>"; };
		1830708A2522335B00A817E6 /* UIViewReactiveExtension.swift */ = {isa = PBXFileReference; lastKnownFileType = sourcecode.swift; path = UIViewReactiveExtension.swift; sourceTree = "<group>"; };
		183070AC25226BFA00A817E6 /* RandomPhotosCollectionCell.swift */ = {isa = PBXFileReference; lastKnownFileType = sourcecode.swift; path = RandomPhotosCollectionCell.swift; sourceTree = "<group>"; };
		183070AD25226BFA00A817E6 /* RandomPhotosCollectionCell.xib */ = {isa = PBXFileReference; lastKnownFileType = file.xib; path = RandomPhotosCollectionCell.xib; sourceTree = "<group>"; };
		183070B825226E2D00A817E6 /* RandomPhotosAPIOutput.swift */ = {isa = PBXFileReference; lastKnownFileType = sourcecode.swift; path = RandomPhotosAPIOutput.swift; sourceTree = "<group>"; };
		183070C72522723A00A817E6 /* RandomPhotosAPIService.swift */ = {isa = PBXFileReference; lastKnownFileType = sourcecode.swift; path = RandomPhotosAPIService.swift; sourceTree = "<group>"; };
		183070CF2522728F00A817E6 /* APIClient.swift */ = {isa = PBXFileReference; lastKnownFileType = sourcecode.swift; path = APIClient.swift; sourceTree = "<group>"; };
		183070D6252272F600A817E6 /* ThirdPartyConstants.swift */ = {isa = PBXFileReference; lastKnownFileType = sourcecode.swift; path = ThirdPartyConstants.swift; sourceTree = "<group>"; };
		185E65A2251E38E5009EA955 /* PhotoLove.app */ = {isa = PBXFileReference; explicitFileType = wrapper.application; includeInIndex = 0; path = PhotoLove.app; sourceTree = BUILT_PRODUCTS_DIR; };
		185E65A5251E38E5009EA955 /* AppDelegate.swift */ = {isa = PBXFileReference; lastKnownFileType = sourcecode.swift; path = AppDelegate.swift; sourceTree = "<group>"; };
		185E65AF251E38E5009EA955 /* PhotoLove.xcdatamodel */ = {isa = PBXFileReference; lastKnownFileType = wrapper.xcdatamodel; path = PhotoLove.xcdatamodel; sourceTree = "<group>"; };
		185E65B1251E38E9009EA955 /* Assets.xcassets */ = {isa = PBXFileReference; lastKnownFileType = folder.assetcatalog; path = Assets.xcassets; sourceTree = "<group>"; };
		185E65B4251E38E9009EA955 /* Base */ = {isa = PBXFileReference; lastKnownFileType = file.storyboard; name = Base; path = Base.lproj/LaunchScreen.storyboard; sourceTree = "<group>"; };
		185E65B6251E38E9009EA955 /* Info.plist */ = {isa = PBXFileReference; lastKnownFileType = text.plist.xml; path = Info.plist; sourceTree = "<group>"; };
		185E65BB251E38EA009EA955 /* PhotoLoveTests.xctest */ = {isa = PBXFileReference; explicitFileType = wrapper.cfbundle; includeInIndex = 0; path = PhotoLoveTests.xctest; sourceTree = BUILT_PRODUCTS_DIR; };
		185E65BF251E38EA009EA955 /* PhotoLoveTests.swift */ = {isa = PBXFileReference; lastKnownFileType = sourcecode.swift; path = PhotoLoveTests.swift; sourceTree = "<group>"; };
		185E65C1251E38EA009EA955 /* Info.plist */ = {isa = PBXFileReference; lastKnownFileType = text.plist.xml; path = Info.plist; sourceTree = "<group>"; };
		185E65C6251E38EA009EA955 /* PhotoLoveUITests.xctest */ = {isa = PBXFileReference; explicitFileType = wrapper.cfbundle; includeInIndex = 0; path = PhotoLoveUITests.xctest; sourceTree = BUILT_PRODUCTS_DIR; };
		185E65CA251E38EA009EA955 /* PhotoLoveUITests.swift */ = {isa = PBXFileReference; lastKnownFileType = sourcecode.swift; path = PhotoLoveUITests.swift; sourceTree = "<group>"; };
		185E65CC251E38EA009EA955 /* Info.plist */ = {isa = PBXFileReference; lastKnownFileType = text.plist.xml; path = Info.plist; sourceTree = "<group>"; };
		18E639B02523504500B6B66D /* FirestoreOperations.swift */ = {isa = PBXFileReference; lastKnownFileType = sourcecode.swift; path = FirestoreOperations.swift; sourceTree = "<group>"; };
		18E639FA2523801400B6B66D /* DashboardFlowUITests.swift */ = {isa = PBXFileReference; lastKnownFileType = sourcecode.swift; path = DashboardFlowUITests.swift; sourceTree = "<group>"; };
		18E63A0B25238A9100B6B66D /* LoginScreenUnitTests.swift */ = {isa = PBXFileReference; lastKnownFileType = sourcecode.swift; path = LoginScreenUnitTests.swift; sourceTree = "<group>"; };
		18FD66E92525E4FB00FA94C7 /* FavouritePhotosController.swift */ = {isa = PBXFileReference; fileEncoding = 4; lastKnownFileType = sourcecode.swift; path = FavouritePhotosController.swift; sourceTree = "<group>"; };
		18FD66EA2525E4FB00FA94C7 /* FavouritePhotosController.xib */ = {isa = PBXFileReference; fileEncoding = 4; lastKnownFileType = file.xib; path = FavouritePhotosController.xib; sourceTree = "<group>"; };
		18FD66EC2525E4FB00FA94C7 /* FavouritePhotosViewModel.swift */ = {isa = PBXFileReference; fileEncoding = 4; lastKnownFileType = sourcecode.swift; path = FavouritePhotosViewModel.swift; sourceTree = "<group>"; };
		18FD66EF2525E4FB00FA94C7 /* DashboardBasePageController.xib */ = {isa = PBXFileReference; fileEncoding = 4; lastKnownFileType = file.xib; path = DashboardBasePageController.xib; sourceTree = "<group>"; };
		18FD66F02525E4FB00FA94C7 /* DashboardBasePageController.swift */ = {isa = PBXFileReference; fileEncoding = 4; lastKnownFileType = sourcecode.swift; path = DashboardBasePageController.swift; sourceTree = "<group>"; };
		18FD66F22525E4FB00FA94C7 /* DashboardBasePageViewModel.swift */ = {isa = PBXFileReference; fileEncoding = 4; lastKnownFileType = sourcecode.swift; path = DashboardBasePageViewModel.swift; sourceTree = "<group>"; };
		18FD66F52525E4FB00FA94C7 /* RandomPhotosController.xib */ = {isa = PBXFileReference; fileEncoding = 4; lastKnownFileType = file.xib; path = RandomPhotosController.xib; sourceTree = "<group>"; };
		18FD66F62525E4FB00FA94C7 /* RandomPhotosController.swift */ = {isa = PBXFileReference; fileEncoding = 4; lastKnownFileType = sourcecode.swift; path = RandomPhotosController.swift; sourceTree = "<group>"; };
		18FD66F82525E4FB00FA94C7 /* RandomPhotosViewModel.swift */ = {isa = PBXFileReference; fileEncoding = 4; lastKnownFileType = sourcecode.swift; path = RandomPhotosViewModel.swift; sourceTree = "<group>"; };
		18FF2F0F25231109005C9FB0 /* RandomPhotosResponse.json */ = {isa = PBXFileReference; lastKnownFileType = text.json; path = RandomPhotosResponse.json; sourceTree = "<group>"; };
		18FF2F1B252311BF005C9FB0 /* RandomPhotosScreenAPITests.swift */ = {isa = PBXFileReference; lastKnownFileType = sourcecode.swift; path = RandomPhotosScreenAPITests.swift; sourceTree = "<group>"; };
		18FF2F2325231D76005C9FB0 /* UICollectionViewExtensions.swift */ = {isa = PBXFileReference; lastKnownFileType = sourcecode.swift; path = UICollectionViewExtensions.swift; sourceTree = "<group>"; };
		18FF2F2925231ECD005C9FB0 /* ImageDownloadManager.swift */ = {isa = PBXFileReference; lastKnownFileType = sourcecode.swift; path = ImageDownloadManager.swift; sourceTree = "<group>"; };
		2DAF49F7B3F08F93F63BF60E /* Pods-PhotoLove.release.xcconfig */ = {isa = PBXFileReference; includeInIndex = 1; lastKnownFileType = text.xcconfig; name = "Pods-PhotoLove.release.xcconfig"; path = "Target Support Files/Pods-PhotoLove/Pods-PhotoLove.release.xcconfig"; sourceTree = "<group>"; };
		8FAD82F8B1BA35F7861C4180 /* Pods_PhotoLoveTests.framework */ = {isa = PBXFileReference; explicitFileType = wrapper.framework; includeInIndex = 0; path = Pods_PhotoLoveTests.framework; sourceTree = BUILT_PRODUCTS_DIR; };
		9763FE8076D22A8610F1C39F /* Pods-PhotoLove-PhotoLoveUITests.release.xcconfig */ = {isa = PBXFileReference; includeInIndex = 1; lastKnownFileType = text.xcconfig; name = "Pods-PhotoLove-PhotoLoveUITests.release.xcconfig"; path = "Target Support Files/Pods-PhotoLove-PhotoLoveUITests/Pods-PhotoLove-PhotoLoveUITests.release.xcconfig"; sourceTree = "<group>"; };
		AC2DD5FD8EAA73F0C4CE7F7B /* Pods-PhotoLoveTests.debug.xcconfig */ = {isa = PBXFileReference; includeInIndex = 1; lastKnownFileType = text.xcconfig; name = "Pods-PhotoLoveTests.debug.xcconfig"; path = "Target Support Files/Pods-PhotoLoveTests/Pods-PhotoLoveTests.debug.xcconfig"; sourceTree = "<group>"; };
		D0E07448918863960284414F /* Pods-PhotoLoveTests.release.xcconfig */ = {isa = PBXFileReference; includeInIndex = 1; lastKnownFileType = text.xcconfig; name = "Pods-PhotoLoveTests.release.xcconfig"; path = "Target Support Files/Pods-PhotoLoveTests/Pods-PhotoLoveTests.release.xcconfig"; sourceTree = "<group>"; };
		DAA65626B08247832B5FC3D0 /* Pods-PhotoLove-PhotoLoveUITests.debug.xcconfig */ = {isa = PBXFileReference; includeInIndex = 1; lastKnownFileType = text.xcconfig; name = "Pods-PhotoLove-PhotoLoveUITests.debug.xcconfig"; path = "Target Support Files/Pods-PhotoLove-PhotoLoveUITests/Pods-PhotoLove-PhotoLoveUITests.debug.xcconfig"; sourceTree = "<group>"; };
		E2E5AB417048571409A513EA /* Pods_PhotoLove.framework */ = {isa = PBXFileReference; explicitFileType = wrapper.framework; includeInIndex = 0; path = Pods_PhotoLove.framework; sourceTree = BUILT_PRODUCTS_DIR; };
		F8E3B107757565668150A881 /* Pods_PhotoLove_PhotoLoveUITests.framework */ = {isa = PBXFileReference; explicitFileType = wrapper.framework; includeInIndex = 0; path = Pods_PhotoLove_PhotoLoveUITests.framework; sourceTree = BUILT_PRODUCTS_DIR; };
/* End PBXFileReference section */

/* Begin PBXFrameworksBuildPhase section */
		185E659F251E38E5009EA955 /* Frameworks */ = {
			isa = PBXFrameworksBuildPhase;
			buildActionMask = 2147483647;
			files = (
				D475B2008A8103DCDB39203D /* Pods_PhotoLove.framework in Frameworks */,
			);
			runOnlyForDeploymentPostprocessing = 0;
		};
		185E65B8251E38EA009EA955 /* Frameworks */ = {
			isa = PBXFrameworksBuildPhase;
			buildActionMask = 2147483647;
			files = (
				35FED7C85B03AD5D95B3E4F5 /* Pods_PhotoLoveTests.framework in Frameworks */,
			);
			runOnlyForDeploymentPostprocessing = 0;
		};
		185E65C3251E38EA009EA955 /* Frameworks */ = {
			isa = PBXFrameworksBuildPhase;
			buildActionMask = 2147483647;
			files = (
				A1D7CBFF663FB6B8432F3383 /* Pods_PhotoLove_PhotoLoveUITests.framework in Frameworks */,
			);
			runOnlyForDeploymentPostprocessing = 0;
		};
/* End PBXFrameworksBuildPhase section */

/* Begin PBXGroup section */
		1801B0B02520689500B21ED4 /* Network */ = {
			isa = PBXGroup;
			children = (
				18FF2F2825231E89005C9FB0 /* Image Downloader */,
				183070C62522721E00A817E6 /* API Services */,
				180A3C7E2521F0AF00D448DA /* Firebase Auth */,
				1801B0C62520697B00B21ED4 /* Network Mock Classes */,
				1801B0B1252068A900B21ED4 /* API Structure */,
			);
			path = Network;
			sourceTree = "<group>";
		};
		1801B0B1252068A900B21ED4 /* API Structure */ = {
			isa = PBXGroup;
			children = (
				1801B0B2252068BF00B21ED4 /* Routable.swift */,
				1801B0B7252068EA00B21ED4 /* HTTPMethod.swift */,
				1801B0BC2520690300B21ED4 /* RawJSONOverHTTP.swift */,
				1801B0C12520692D00B21ED4 /* APIRouter.swift */,
			);
			path = "API Structure";
			sourceTree = "<group>";
		};
		1801B0C62520697B00B21ED4 /* Network Mock Classes */ = {
			isa = PBXGroup;
			children = (
				1801B0C72520699700B21ED4 /* URLSessionDataTaskProtocol.swift */,
				1801B0CF252069AB00B21ED4 /* MockURLSession.swift */,
			);
			path = "Network Mock Classes";
			sourceTree = "<group>";
		};
		1801B0D4252069D700B21ED4 /* Error Cases */ = {
			isa = PBXGroup;
			children = (
				1801B0D5252069EF00B21ED4 /* PhotosErrors.swift */,
			);
			path = "Error Cases";
			sourceTree = "<group>";
		};
		180A3C1D2521C20300D448DA /* Login Screen */ = {
			isa = PBXGroup;
			children = (
				180A3C662521D59400D448DA /* View Model */,
				180A3C332521C6D500D448DA /* Controller */,
			);
			path = "Login Screen";
			sourceTree = "<group>";
		};
		180A3C212521C29700D448DA /* Splash Screen */ = {
			isa = PBXGroup;
			children = (
				180A3C322521C6C900D448DA /* Controller */,
			);
			path = "Splash Screen";
			sourceTree = "<group>";
		};
		180A3C322521C6C900D448DA /* Controller */ = {
			isa = PBXGroup;
			children = (
				180A3C222521C2B700D448DA /* SplashScreenController.swift */,
				180A3C232521C2B700D448DA /* SplashScreenController.xib */,
			);
			path = Controller;
			sourceTree = "<group>";
		};
		180A3C332521C6D500D448DA /* Controller */ = {
			isa = PBXGroup;
			children = (
				180A3C342521C6EE00D448DA /* LoginScreenController.swift */,
				180A3C352521C6EE00D448DA /* LoginScreenController.xib */,
			);
			path = Controller;
			sourceTree = "<group>";
		};
		180A3C3E2521CFB600D448DA /* Extensions */ = {
			isa = PBXGroup;
			children = (
				180A3C3F2521CFCB00D448DA /* UIColorExtensions.swift */,
				180A3C442521D04800D448DA /* UIViewExtensions.swift */,
				180A3C6F2521DC9300D448DA /* StringExtension.swift */,
				1830708A2522335B00A817E6 /* UIViewReactiveExtension.swift */,
				18FF2F2325231D76005C9FB0 /* UICollectionViewExtensions.swift */,
			);
			path = Extensions;
			sourceTree = "<group>";
		};
		180A3C662521D59400D448DA /* View Model */ = {
			isa = PBXGroup;
			children = (
				180A3C672521D5A800D448DA /* LoginScreenViewModel.swift */,
			);
			path = "View Model";
			sourceTree = "<group>";
		};
		180A3C742521EFB300D448DA /* Components */ = {
			isa = PBXGroup;
			children = (
				180A3C752521EFBB00D448DA /* App Delegate Services */,
			);
			path = Components;
			sourceTree = "<group>";
		};
		180A3C752521EFBB00D448DA /* App Delegate Services */ = {
			isa = PBXGroup;
			children = (
				180A3C762521EFDC00D448DA /* FirebaseService.swift */,
			);
			path = "App Delegate Services";
			sourceTree = "<group>";
		};
		180A3C7E2521F0AF00D448DA /* Firebase Auth */ = {
			isa = PBXGroup;
			children = (
				180A3C7F2521F0C900D448DA /* FirebaseAuthenticationHandler.swift */,
				18E639B02523504500B6B66D /* FirestoreOperations.swift */,
			);
			path = "Firebase Auth";
			sourceTree = "<group>";
		};
		180A3D0225221B2F00D448DA /* Modules */ = {
			isa = PBXGroup;
			children = (
				180A3D0325221B3800D448DA /* Login Flow */,
			);
			path = Modules;
			sourceTree = "<group>";
		};
		180A3D0325221B3800D448DA /* Login Flow */ = {
			isa = PBXGroup;
			children = (
				180A3D0525221B6500D448DA /* LoginScreenUITests.swift */,
				18E639FA2523801400B6B66D /* DashboardFlowUITests.swift */,
			);
			path = "Login Flow";
			sourceTree = "<group>";
		};
		180A3D0D25221DC400D448DA /* Extension */ = {
			isa = PBXGroup;
			children = (
				180A3D0E25221DE500D448DA /* XCTestCaseExtension.swift */,
			);
			path = Extension;
			sourceTree = "<group>";
		};
		180A3D192522249800D448DA /* Dashboard */ = {
			isa = PBXGroup;
			children = (
				18FD66E72525E4FB00FA94C7 /* Favourite Photos */,
				18FD66ED2525E4FB00FA94C7 /* Base Page Controller */,
				18FD66F32525E4FB00FA94C7 /* Random Photos */,
			);
			path = Dashboard;
			sourceTree = "<group>";
		};
		182BE54B25246DF50013C580 /* TestExtensions */ = {
			isa = PBXGroup;
			children = (
				182BE54C25246E2D0013C580 /* TestSchedulerExtensions.swift */,
			);
			path = TestExtensions;
			sourceTree = "<group>";
		};
		183070A925226BB700A817E6 /* Views */ = {
			isa = PBXGroup;
			children = (
				183070AA25226BC000A817E6 /* Collection Cells */,
			);
			path = Views;
			sourceTree = "<group>";
		};
		183070AA25226BC000A817E6 /* Collection Cells */ = {
			isa = PBXGroup;
			children = (
				183070AB25226BCA00A817E6 /* Random Photo Collection Cell */,
			);
			path = "Collection Cells";
			sourceTree = "<group>";
		};
		183070AB25226BCA00A817E6 /* Random Photo Collection Cell */ = {
			isa = PBXGroup;
			children = (
				183070AC25226BFA00A817E6 /* RandomPhotosCollectionCell.swift */,
				183070AD25226BFA00A817E6 /* RandomPhotosCollectionCell.xib */,
			);
			path = "Random Photo Collection Cell";
			sourceTree = "<group>";
		};
		183070B625226DFF00A817E6 /* Models */ = {
			isa = PBXGroup;
			children = (
				183070B725226E0600A817E6 /* Request Outputs */,
			);
			path = Models;
			sourceTree = "<group>";
		};
		183070B725226E0600A817E6 /* Request Outputs */ = {
			isa = PBXGroup;
			children = (
				183070B825226E2D00A817E6 /* RandomPhotosAPIOutput.swift */,
			);
			path = "Request Outputs";
			sourceTree = "<group>";
		};
		183070C62522721E00A817E6 /* API Services */ = {
			isa = PBXGroup;
			children = (
				183070CF2522728F00A817E6 /* APIClient.swift */,
				183070C72522723A00A817E6 /* RandomPhotosAPIService.swift */,
			);
			path = "API Services";
			sourceTree = "<group>";
		};
		183070D4252272D600A817E6 /* Constants */ = {
			isa = PBXGroup;
			children = (
				183070D5252272DE00A817E6 /* Third Party Keys */,
			);
			path = Constants;
			sourceTree = "<group>";
		};
		183070D5252272DE00A817E6 /* Third Party Keys */ = {
			isa = PBXGroup;
			children = (
				183070D6252272F600A817E6 /* ThirdPartyConstants.swift */,
			);
			path = "Third Party Keys";
			sourceTree = "<group>";
		};
		185E6599251E38E5009EA955 = {
			isa = PBXGroup;
			children = (
				185E65A4251E38E5009EA955 /* PhotoLove */,
				185E65BE251E38EA009EA955 /* PhotoLoveTests */,
				185E65C9251E38EA009EA955 /* PhotoLoveUITests */,
				185E65A3251E38E5009EA955 /* Products */,
				CEA02AF310AB8DD58FAFC1BB /* Pods */,
				B96D7AC07252CC1B1D724EBA /* Frameworks */,
			);
			sourceTree = "<group>";
		};
		185E65A3251E38E5009EA955 /* Products */ = {
			isa = PBXGroup;
			children = (
				185E65A2251E38E5009EA955 /* PhotoLove.app */,
				185E65BB251E38EA009EA955 /* PhotoLoveTests.xctest */,
				185E65C6251E38EA009EA955 /* PhotoLoveUITests.xctest */,
			);
			name = Products;
			sourceTree = "<group>";
		};
		185E65A4251E38E5009EA955 /* PhotoLove */ = {
			isa = PBXGroup;
			children = (
				185E65A5251E38E5009EA955 /* AppDelegate.swift */,
				183070D4252272D600A817E6 /* Constants */,
				183070B625226DFF00A817E6 /* Models */,
				180A3C742521EFB300D448DA /* Components */,
				180A3C3E2521CFB600D448DA /* Extensions */,
				1801B0D4252069D700B21ED4 /* Error Cases */,
				1801B0B02520689500B21ED4 /* Network */,
				183070A925226BB700A817E6 /* Views */,
				185E65E1251E3949009EA955 /* Modules */,
				185E65E2251E3959009EA955 /* Supporting Files */,
				185E65B6251E38E9009EA955 /* Info.plist */,
			);
			path = PhotoLove;
			sourceTree = "<group>";
		};
		185E65BE251E38EA009EA955 /* PhotoLoveTests */ = {
			isa = PBXGroup;
			children = (
				182BE54B25246DF50013C580 /* TestExtensions */,
				18E63A0925238A3800B6B66D /* Modules */,
				18FF2F0D252310DF005C9FB0 /* APIs */,
				185E65BF251E38EA009EA955 /* PhotoLoveTests.swift */,
				185E65C1251E38EA009EA955 /* Info.plist */,
			);
			path = PhotoLoveTests;
			sourceTree = "<group>";
		};
		185E65C9251E38EA009EA955 /* PhotoLoveUITests */ = {
			isa = PBXGroup;
			children = (
				180A3D0D25221DC400D448DA /* Extension */,
				180A3D0225221B2F00D448DA /* Modules */,
				185E65CA251E38EA009EA955 /* PhotoLoveUITests.swift */,
				185E65CC251E38EA009EA955 /* Info.plist */,
			);
			path = PhotoLoveUITests;
			sourceTree = "<group>";
		};
		185E65E1251E3949009EA955 /* Modules */ = {
			isa = PBXGroup;
			children = (
				180A3D192522249800D448DA /* Dashboard */,
				180A3C212521C29700D448DA /* Splash Screen */,
				180A3C1D2521C20300D448DA /* Login Screen */,
			);
			path = Modules;
			sourceTree = "<group>";
		};
		185E65E2251E3959009EA955 /* Supporting Files */ = {
			isa = PBXGroup;
			children = (
				180A3CBE2521F6B400D448DA /* GoogleService-Info.plist */,
				185E65B1251E38E9009EA955 /* Assets.xcassets */,
				185E65B3251E38E9009EA955 /* LaunchScreen.storyboard */,
				185E65AE251E38E5009EA955 /* PhotoLove.xcdatamodeld */,
			);
			path = "Supporting Files";
			sourceTree = "<group>";
		};
		18E63A0925238A3800B6B66D /* Modules */ = {
			isa = PBXGroup;
			children = (
				18E63A0A25238A4000B6B66D /* Login */,
			);
			path = Modules;
			sourceTree = "<group>";
		};
		18E63A0A25238A4000B6B66D /* Login */ = {
			isa = PBXGroup;
			children = (
				18E63A0B25238A9100B6B66D /* LoginScreenUnitTests.swift */,
			);
			path = Login;
			sourceTree = "<group>";
		};
		18FD66E72525E4FB00FA94C7 /* Favourite Photos */ = {
			isa = PBXGroup;
			children = (
				18FD66E82525E4FB00FA94C7 /* Controller */,
				18FD66EB2525E4FB00FA94C7 /* View Model */,
			);
			path = "Favourite Photos";
			sourceTree = "<group>";
		};
		18FD66E82525E4FB00FA94C7 /* Controller */ = {
			isa = PBXGroup;
			children = (
				18FD66E92525E4FB00FA94C7 /* FavouritePhotosController.swift */,
				18FD66EA2525E4FB00FA94C7 /* FavouritePhotosController.xib */,
			);
			path = Controller;
			sourceTree = "<group>";
		};
		18FD66EB2525E4FB00FA94C7 /* View Model */ = {
			isa = PBXGroup;
			children = (
				18FD66EC2525E4FB00FA94C7 /* FavouritePhotosViewModel.swift */,
			);
			path = "View Model";
			sourceTree = "<group>";
		};
		18FD66ED2525E4FB00FA94C7 /* Base Page Controller */ = {
			isa = PBXGroup;
			children = (
				18FD66EE2525E4FB00FA94C7 /* Controller */,
				18FD66F12525E4FB00FA94C7 /* View Model */,
			);
			path = "Base Page Controller";
			sourceTree = "<group>";
		};
		18FD66EE2525E4FB00FA94C7 /* Controller */ = {
			isa = PBXGroup;
			children = (
				18FD66EF2525E4FB00FA94C7 /* DashboardBasePageController.xib */,
				18FD66F02525E4FB00FA94C7 /* DashboardBasePageController.swift */,
			);
			path = Controller;
			sourceTree = "<group>";
		};
		18FD66F12525E4FB00FA94C7 /* View Model */ = {
			isa = PBXGroup;
			children = (
				18FD66F22525E4FB00FA94C7 /* DashboardBasePageViewModel.swift */,
			);
			path = "View Model";
			sourceTree = "<group>";
		};
		18FD66F32525E4FB00FA94C7 /* Random Photos */ = {
			isa = PBXGroup;
			children = (
				18FD66F42525E4FB00FA94C7 /* Controller */,
				18FD66F72525E4FB00FA94C7 /* View Model */,
			);
			path = "Random Photos";
			sourceTree = "<group>";
		};
		18FD66F42525E4FB00FA94C7 /* Controller */ = {
			isa = PBXGroup;
			children = (
				18FD66F52525E4FB00FA94C7 /* RandomPhotosController.xib */,
				18FD66F62525E4FB00FA94C7 /* RandomPhotosController.swift */,
			);
			path = Controller;
			sourceTree = "<group>";
		};
		18FD66F72525E4FB00FA94C7 /* View Model */ = {
			isa = PBXGroup;
			children = (
				18FD66F82525E4FB00FA94C7 /* RandomPhotosViewModel.swift */,
			);
			path = "View Model";
			sourceTree = "<group>";
		};
		18FF2F0D252310DF005C9FB0 /* APIs */ = {
			isa = PBXGroup;
			children = (
				18FF2F172523110F005C9FB0 /* API Tests */,
				18FF2F0E252310E6005C9FB0 /* JSON responses */,
			);
			path = APIs;
			sourceTree = "<group>";
		};
		18FF2F0E252310E6005C9FB0 /* JSON responses */ = {
			isa = PBXGroup;
			children = (
				18FF2F0F25231109005C9FB0 /* RandomPhotosResponse.json */,
			);
			path = "JSON responses";
			sourceTree = "<group>";
		};
		18FF2F172523110F005C9FB0 /* API Tests */ = {
			isa = PBXGroup;
			children = (
				18FF2F1B252311BF005C9FB0 /* RandomPhotosScreenAPITests.swift */,
			);
			path = "API Tests";
			sourceTree = "<group>";
		};
		18FF2F2825231E89005C9FB0 /* Image Downloader */ = {
			isa = PBXGroup;
			children = (
				18FF2F2925231ECD005C9FB0 /* ImageDownloadManager.swift */,
			);
			path = "Image Downloader";
			sourceTree = "<group>";
		};
		B96D7AC07252CC1B1D724EBA /* Frameworks */ = {
			isa = PBXGroup;
			children = (
				E2E5AB417048571409A513EA /* Pods_PhotoLove.framework */,
				F8E3B107757565668150A881 /* Pods_PhotoLove_PhotoLoveUITests.framework */,
				8FAD82F8B1BA35F7861C4180 /* Pods_PhotoLoveTests.framework */,
			);
			name = Frameworks;
			sourceTree = "<group>";
		};
		CEA02AF310AB8DD58FAFC1BB /* Pods */ = {
			isa = PBXGroup;
			children = (
				04CC0BEA0AD7379746516E43 /* Pods-PhotoLove.debug.xcconfig */,
				2DAF49F7B3F08F93F63BF60E /* Pods-PhotoLove.release.xcconfig */,
				DAA65626B08247832B5FC3D0 /* Pods-PhotoLove-PhotoLoveUITests.debug.xcconfig */,
				9763FE8076D22A8610F1C39F /* Pods-PhotoLove-PhotoLoveUITests.release.xcconfig */,
				AC2DD5FD8EAA73F0C4CE7F7B /* Pods-PhotoLoveTests.debug.xcconfig */,
				D0E07448918863960284414F /* Pods-PhotoLoveTests.release.xcconfig */,
			);
			path = Pods;
			sourceTree = "<group>";
		};
/* End PBXGroup section */

/* Begin PBXNativeTarget section */
		185E65A1251E38E5009EA955 /* PhotoLove */ = {
			isa = PBXNativeTarget;
			buildConfigurationList = 185E65CF251E38EA009EA955 /* Build configuration list for PBXNativeTarget "PhotoLove" */;
			buildPhases = (
				06400EF56C1160671DF52AC8 /* [CP] Check Pods Manifest.lock */,
				185E659E251E38E5009EA955 /* Sources */,
				185E659F251E38E5009EA955 /* Frameworks */,
				185E65A0251E38E5009EA955 /* Resources */,
				019D858528E88A503D30F641 /* [CP] Embed Pods Frameworks */,
			);
			buildRules = (
			);
			dependencies = (
			);
			name = PhotoLove;
			productName = PhotoLove;
			productReference = 185E65A2251E38E5009EA955 /* PhotoLove.app */;
			productType = "com.apple.product-type.application";
		};
		185E65BA251E38EA009EA955 /* PhotoLoveTests */ = {
			isa = PBXNativeTarget;
			buildConfigurationList = 185E65D2251E38EA009EA955 /* Build configuration list for PBXNativeTarget "PhotoLoveTests" */;
			buildPhases = (
				5DB7D13220F3D545523C6C75 /* [CP] Check Pods Manifest.lock */,
				185E65B7251E38EA009EA955 /* Sources */,
				185E65B8251E38EA009EA955 /* Frameworks */,
				185E65B9251E38EA009EA955 /* Resources */,
				C5EC68CE674D8C7A2D31E005 /* [CP] Embed Pods Frameworks */,
			);
			buildRules = (
			);
			dependencies = (
				185E65BD251E38EA009EA955 /* PBXTargetDependency */,
			);
			name = PhotoLoveTests;
			productName = PhotoLoveTests;
			productReference = 185E65BB251E38EA009EA955 /* PhotoLoveTests.xctest */;
			productType = "com.apple.product-type.bundle.unit-test";
		};
		185E65C5251E38EA009EA955 /* PhotoLoveUITests */ = {
			isa = PBXNativeTarget;
			buildConfigurationList = 185E65D5251E38EA009EA955 /* Build configuration list for PBXNativeTarget "PhotoLoveUITests" */;
			buildPhases = (
				D03741B3CD938C0CFC23128A /* [CP] Check Pods Manifest.lock */,
				185E65C2251E38EA009EA955 /* Sources */,
				185E65C3251E38EA009EA955 /* Frameworks */,
				185E65C4251E38EA009EA955 /* Resources */,
				48C24F646C733BA95815057C /* [CP] Embed Pods Frameworks */,
			);
			buildRules = (
			);
			dependencies = (
				185E65C8251E38EA009EA955 /* PBXTargetDependency */,
			);
			name = PhotoLoveUITests;
			productName = PhotoLoveUITests;
			productReference = 185E65C6251E38EA009EA955 /* PhotoLoveUITests.xctest */;
			productType = "com.apple.product-type.bundle.ui-testing";
		};
/* End PBXNativeTarget section */

/* Begin PBXProject section */
		185E659A251E38E5009EA955 /* Project object */ = {
			isa = PBXProject;
			attributes = {
				LastSwiftUpdateCheck = 1200;
				LastUpgradeCheck = 1200;
				TargetAttributes = {
					185E65A1251E38E5009EA955 = {
						CreatedOnToolsVersion = 12.0;
					};
					185E65BA251E38EA009EA955 = {
						CreatedOnToolsVersion = 12.0;
						TestTargetID = 185E65A1251E38E5009EA955;
					};
					185E65C5251E38EA009EA955 = {
						CreatedOnToolsVersion = 12.0;
						TestTargetID = 185E65A1251E38E5009EA955;
					};
				};
			};
			buildConfigurationList = 185E659D251E38E5009EA955 /* Build configuration list for PBXProject "PhotoLove" */;
			compatibilityVersion = "Xcode 9.3";
			developmentRegion = en;
			hasScannedForEncodings = 0;
			knownRegions = (
				en,
				Base,
			);
			mainGroup = 185E6599251E38E5009EA955;
			productRefGroup = 185E65A3251E38E5009EA955 /* Products */;
			projectDirPath = "";
			projectRoot = "";
			targets = (
				185E65A1251E38E5009EA955 /* PhotoLove */,
				185E65BA251E38EA009EA955 /* PhotoLoveTests */,
				185E65C5251E38EA009EA955 /* PhotoLoveUITests */,
			);
		};
/* End PBXProject section */

/* Begin PBXResourcesBuildPhase section */
		185E65A0251E38E5009EA955 /* Resources */ = {
			isa = PBXResourcesBuildPhase;
			buildActionMask = 2147483647;
			files = (
				185E65B5251E38E9009EA955 /* LaunchScreen.storyboard in Resources */,
				180A3C252521C2B700D448DA /* SplashScreenController.xib in Resources */,
				180A3CBF2521F6B400D448DA /* GoogleService-Info.plist in Resources */,
				183070AF25226BFA00A817E6 /* RandomPhotosCollectionCell.xib in Resources */,
				18FD66FC2525E4FB00FA94C7 /* DashboardBasePageController.xib in Resources */,
				18FD66FA2525E4FB00FA94C7 /* FavouritePhotosController.xib in Resources */,
				185E65B2251E38E9009EA955 /* Assets.xcassets in Resources */,
				18FD66FF2525E4FB00FA94C7 /* RandomPhotosController.xib in Resources */,
				180A3C372521C6EE00D448DA /* LoginScreenController.xib in Resources */,
			);
			runOnlyForDeploymentPostprocessing = 0;
		};
		185E65B9251E38EA009EA955 /* Resources */ = {
			isa = PBXResourcesBuildPhase;
			buildActionMask = 2147483647;
			files = (
				18FF2F1025231109005C9FB0 /* RandomPhotosResponse.json in Resources */,
			);
			runOnlyForDeploymentPostprocessing = 0;
		};
		185E65C4251E38EA009EA955 /* Resources */ = {
			isa = PBXResourcesBuildPhase;
			buildActionMask = 2147483647;
			files = (
			);
			runOnlyForDeploymentPostprocessing = 0;
		};
/* End PBXResourcesBuildPhase section */

/* Begin PBXShellScriptBuildPhase section */
		019D858528E88A503D30F641 /* [CP] Embed Pods Frameworks */ = {
			isa = PBXShellScriptBuildPhase;
			buildActionMask = 2147483647;
			files = (
			);
			inputFileListPaths = (
				"${PODS_ROOT}/Target Support Files/Pods-PhotoLove/Pods-PhotoLove-frameworks-${CONFIGURATION}-input-files.xcfilelist",
			);
			name = "[CP] Embed Pods Frameworks";
			outputFileListPaths = (
				"${PODS_ROOT}/Target Support Files/Pods-PhotoLove/Pods-PhotoLove-frameworks-${CONFIGURATION}-output-files.xcfilelist",
			);
			runOnlyForDeploymentPostprocessing = 0;
			shellPath = /bin/sh;
			shellScript = "\"${PODS_ROOT}/Target Support Files/Pods-PhotoLove/Pods-PhotoLove-frameworks.sh\"\n";
			showEnvVarsInLog = 0;
		};
		06400EF56C1160671DF52AC8 /* [CP] Check Pods Manifest.lock */ = {
			isa = PBXShellScriptBuildPhase;
			buildActionMask = 2147483647;
			files = (
			);
			inputFileListPaths = (
			);
			inputPaths = (
				"${PODS_PODFILE_DIR_PATH}/Podfile.lock",
				"${PODS_ROOT}/Manifest.lock",
			);
			name = "[CP] Check Pods Manifest.lock";
			outputFileListPaths = (
			);
			outputPaths = (
				"$(DERIVED_FILE_DIR)/Pods-PhotoLove-checkManifestLockResult.txt",
			);
			runOnlyForDeploymentPostprocessing = 0;
			shellPath = /bin/sh;
			shellScript = "diff \"${PODS_PODFILE_DIR_PATH}/Podfile.lock\" \"${PODS_ROOT}/Manifest.lock\" > /dev/null\nif [ $? != 0 ] ; then\n    # print error to STDERR\n    echo \"error: The sandbox is not in sync with the Podfile.lock. Run 'pod install' or update your CocoaPods installation.\" >&2\n    exit 1\nfi\n# This output is used by Xcode 'outputs' to avoid re-running this script phase.\necho \"SUCCESS\" > \"${SCRIPT_OUTPUT_FILE_0}\"\n";
			showEnvVarsInLog = 0;
		};
		48C24F646C733BA95815057C /* [CP] Embed Pods Frameworks */ = {
			isa = PBXShellScriptBuildPhase;
			buildActionMask = 2147483647;
			files = (
			);
			inputFileListPaths = (
				"${PODS_ROOT}/Target Support Files/Pods-PhotoLove-PhotoLoveUITests/Pods-PhotoLove-PhotoLoveUITests-frameworks-${CONFIGURATION}-input-files.xcfilelist",
			);
			name = "[CP] Embed Pods Frameworks";
			outputFileListPaths = (
				"${PODS_ROOT}/Target Support Files/Pods-PhotoLove-PhotoLoveUITests/Pods-PhotoLove-PhotoLoveUITests-frameworks-${CONFIGURATION}-output-files.xcfilelist",
			);
			runOnlyForDeploymentPostprocessing = 0;
			shellPath = /bin/sh;
			shellScript = "\"${PODS_ROOT}/Target Support Files/Pods-PhotoLove-PhotoLoveUITests/Pods-PhotoLove-PhotoLoveUITests-frameworks.sh\"\n";
			showEnvVarsInLog = 0;
		};
		5DB7D13220F3D545523C6C75 /* [CP] Check Pods Manifest.lock */ = {
			isa = PBXShellScriptBuildPhase;
			buildActionMask = 2147483647;
			files = (
			);
			inputFileListPaths = (
			);
			inputPaths = (
				"${PODS_PODFILE_DIR_PATH}/Podfile.lock",
				"${PODS_ROOT}/Manifest.lock",
			);
			name = "[CP] Check Pods Manifest.lock";
			outputFileListPaths = (
			);
			outputPaths = (
				"$(DERIVED_FILE_DIR)/Pods-PhotoLoveTests-checkManifestLockResult.txt",
			);
			runOnlyForDeploymentPostprocessing = 0;
			shellPath = /bin/sh;
			shellScript = "diff \"${PODS_PODFILE_DIR_PATH}/Podfile.lock\" \"${PODS_ROOT}/Manifest.lock\" > /dev/null\nif [ $? != 0 ] ; then\n    # print error to STDERR\n    echo \"error: The sandbox is not in sync with the Podfile.lock. Run 'pod install' or update your CocoaPods installation.\" >&2\n    exit 1\nfi\n# This output is used by Xcode 'outputs' to avoid re-running this script phase.\necho \"SUCCESS\" > \"${SCRIPT_OUTPUT_FILE_0}\"\n";
			showEnvVarsInLog = 0;
		};
		C5EC68CE674D8C7A2D31E005 /* [CP] Embed Pods Frameworks */ = {
			isa = PBXShellScriptBuildPhase;
			buildActionMask = 2147483647;
			files = (
			);
			inputFileListPaths = (
				"${PODS_ROOT}/Target Support Files/Pods-PhotoLoveTests/Pods-PhotoLoveTests-frameworks-${CONFIGURATION}-input-files.xcfilelist",
			);
			name = "[CP] Embed Pods Frameworks";
			outputFileListPaths = (
				"${PODS_ROOT}/Target Support Files/Pods-PhotoLoveTests/Pods-PhotoLoveTests-frameworks-${CONFIGURATION}-output-files.xcfilelist",
			);
			runOnlyForDeploymentPostprocessing = 0;
			shellPath = /bin/sh;
			shellScript = "\"${PODS_ROOT}/Target Support Files/Pods-PhotoLoveTests/Pods-PhotoLoveTests-frameworks.sh\"\n";
			showEnvVarsInLog = 0;
		};
		D03741B3CD938C0CFC23128A /* [CP] Check Pods Manifest.lock */ = {
			isa = PBXShellScriptBuildPhase;
			buildActionMask = 2147483647;
			files = (
			);
			inputFileListPaths = (
			);
			inputPaths = (
				"${PODS_PODFILE_DIR_PATH}/Podfile.lock",
				"${PODS_ROOT}/Manifest.lock",
			);
			name = "[CP] Check Pods Manifest.lock";
			outputFileListPaths = (
			);
			outputPaths = (
				"$(DERIVED_FILE_DIR)/Pods-PhotoLove-PhotoLoveUITests-checkManifestLockResult.txt",
			);
			runOnlyForDeploymentPostprocessing = 0;
			shellPath = /bin/sh;
			shellScript = "diff \"${PODS_PODFILE_DIR_PATH}/Podfile.lock\" \"${PODS_ROOT}/Manifest.lock\" > /dev/null\nif [ $? != 0 ] ; then\n    # print error to STDERR\n    echo \"error: The sandbox is not in sync with the Podfile.lock. Run 'pod install' or update your CocoaPods installation.\" >&2\n    exit 1\nfi\n# This output is used by Xcode 'outputs' to avoid re-running this script phase.\necho \"SUCCESS\" > \"${SCRIPT_OUTPUT_FILE_0}\"\n";
			showEnvVarsInLog = 0;
		};
/* End PBXShellScriptBuildPhase section */

/* Begin PBXSourcesBuildPhase section */
		185E659E251E38E5009EA955 /* Sources */ = {
			isa = PBXSourcesBuildPhase;
			buildActionMask = 2147483647;
			files = (
				18FD67012525E4FB00FA94C7 /* RandomPhotosViewModel.swift in Sources */,
				1830708B2522335B00A817E6 /* UIViewReactiveExtension.swift in Sources */,
				1801B0C22520692D00B21ED4 /* APIRouter.swift in Sources */,
				185E65A6251E38E5009EA955 /* AppDelegate.swift in Sources */,
				180A3C772521EFDC00D448DA /* FirebaseService.swift in Sources */,
				180A3C702521DC9300D448DA /* StringExtension.swift in Sources */,
				183070AE25226BFA00A817E6 /* RandomPhotosCollectionCell.swift in Sources */,
				18FD66FE2525E4FB00FA94C7 /* DashboardBasePageViewModel.swift in Sources */,
				18E639B12523504500B6B66D /* FirestoreOperations.swift in Sources */,
				18FD66FB2525E4FB00FA94C7 /* FavouritePhotosViewModel.swift in Sources */,
				180A3C802521F0C900D448DA /* FirebaseAuthenticationHandler.swift in Sources */,
				183070D02522728F00A817E6 /* APIClient.swift in Sources */,
				1801B0C82520699700B21ED4 /* URLSessionDataTaskProtocol.swift in Sources */,
				180A3C452521D04800D448DA /* UIViewExtensions.swift in Sources */,
				180A3C682521D5A800D448DA /* LoginScreenViewModel.swift in Sources */,
				180A3C402521CFCB00D448DA /* UIColorExtensions.swift in Sources */,
				18FD67002525E4FB00FA94C7 /* RandomPhotosController.swift in Sources */,
				183070D7252272F600A817E6 /* ThirdPartyConstants.swift in Sources */,
				1801B0D6252069EF00B21ED4 /* PhotosErrors.swift in Sources */,
				185E65B0251E38E5009EA955 /* PhotoLove.xcdatamodeld in Sources */,
				180A3C362521C6EE00D448DA /* LoginScreenController.swift in Sources */,
				1801B0B8252068EA00B21ED4 /* HTTPMethod.swift in Sources */,
				1801B0D0252069AB00B21ED4 /* MockURLSession.swift in Sources */,
				1801B0BD2520690300B21ED4 /* RawJSONOverHTTP.swift in Sources */,
				183070B925226E2D00A817E6 /* RandomPhotosAPIOutput.swift in Sources */,
				18FD66F92525E4FB00FA94C7 /* FavouritePhotosController.swift in Sources */,
				18FF2F2A25231ECD005C9FB0 /* ImageDownloadManager.swift in Sources */,
				18FF2F2425231D76005C9FB0 /* UICollectionViewExtensions.swift in Sources */,
				180A3C242521C2B700D448DA /* SplashScreenController.swift in Sources */,
				183070C82522723A00A817E6 /* RandomPhotosAPIService.swift in Sources */,
				18FD66FD2525E4FB00FA94C7 /* DashboardBasePageController.swift in Sources */,
				1801B0B3252068BF00B21ED4 /* Routable.swift in Sources */,
			);
			runOnlyForDeploymentPostprocessing = 0;
		};
		185E65B7251E38EA009EA955 /* Sources */ = {
			isa = PBXSourcesBuildPhase;
			buildActionMask = 2147483647;
			files = (
				18FF2F1C252311BF005C9FB0 /* RandomPhotosScreenAPITests.swift in Sources */,
				18E63A0C25238A9100B6B66D /* LoginScreenUnitTests.swift in Sources */,
				185E65C0251E38EA009EA955 /* PhotoLoveTests.swift in Sources */,
				182BE54D25246E2D0013C580 /* TestSchedulerExtensions.swift in Sources */,
			);
			runOnlyForDeploymentPostprocessing = 0;
		};
		185E65C2251E38EA009EA955 /* Sources */ = {
			isa = PBXSourcesBuildPhase;
			buildActionMask = 2147483647;
			files = (
				185E65CB251E38EA009EA955 /* PhotoLoveUITests.swift in Sources */,
				180A3D0F25221DE500D448DA /* XCTestCaseExtension.swift in Sources */,
				18E639FB2523801400B6B66D /* DashboardFlowUITests.swift in Sources */,
				180A3D0625221B6500D448DA /* LoginScreenUITests.swift in Sources */,
			);
			runOnlyForDeploymentPostprocessing = 0;
		};
/* End PBXSourcesBuildPhase section */

/* Begin PBXTargetDependency section */
		185E65BD251E38EA009EA955 /* PBXTargetDependency */ = {
			isa = PBXTargetDependency;
			target = 185E65A1251E38E5009EA955 /* PhotoLove */;
			targetProxy = 185E65BC251E38EA009EA955 /* PBXContainerItemProxy */;
		};
		185E65C8251E38EA009EA955 /* PBXTargetDependency */ = {
			isa = PBXTargetDependency;
			target = 185E65A1251E38E5009EA955 /* PhotoLove */;
			targetProxy = 185E65C7251E38EA009EA955 /* PBXContainerItemProxy */;
		};
/* End PBXTargetDependency section */

/* Begin PBXVariantGroup section */
		185E65B3251E38E9009EA955 /* LaunchScreen.storyboard */ = {
			isa = PBXVariantGroup;
			children = (
				185E65B4251E38E9009EA955 /* Base */,
			);
			name = LaunchScreen.storyboard;
			sourceTree = "<group>";
		};
/* End PBXVariantGroup section */

/* Begin XCBuildConfiguration section */
		185E65CD251E38EA009EA955 /* Debug */ = {
			isa = XCBuildConfiguration;
			buildSettings = {
				ALWAYS_SEARCH_USER_PATHS = NO;
				CLANG_ANALYZER_NONNULL = YES;
				CLANG_ANALYZER_NUMBER_OBJECT_CONVERSION = YES_AGGRESSIVE;
				CLANG_CXX_LANGUAGE_STANDARD = "gnu++14";
				CLANG_CXX_LIBRARY = "libc++";
				CLANG_ENABLE_MODULES = YES;
				CLANG_ENABLE_OBJC_ARC = YES;
				CLANG_ENABLE_OBJC_WEAK = YES;
				CLANG_WARN_BLOCK_CAPTURE_AUTORELEASING = YES;
				CLANG_WARN_BOOL_CONVERSION = YES;
				CLANG_WARN_COMMA = YES;
				CLANG_WARN_CONSTANT_CONVERSION = YES;
				CLANG_WARN_DEPRECATED_OBJC_IMPLEMENTATIONS = YES;
				CLANG_WARN_DIRECT_OBJC_ISA_USAGE = YES_ERROR;
				CLANG_WARN_DOCUMENTATION_COMMENTS = YES;
				CLANG_WARN_EMPTY_BODY = YES;
				CLANG_WARN_ENUM_CONVERSION = YES;
				CLANG_WARN_INFINITE_RECURSION = YES;
				CLANG_WARN_INT_CONVERSION = YES;
				CLANG_WARN_NON_LITERAL_NULL_CONVERSION = YES;
				CLANG_WARN_OBJC_IMPLICIT_RETAIN_SELF = YES;
				CLANG_WARN_OBJC_LITERAL_CONVERSION = YES;
				CLANG_WARN_OBJC_ROOT_CLASS = YES_ERROR;
				CLANG_WARN_QUOTED_INCLUDE_IN_FRAMEWORK_HEADER = YES;
				CLANG_WARN_RANGE_LOOP_ANALYSIS = YES;
				CLANG_WARN_STRICT_PROTOTYPES = YES;
				CLANG_WARN_SUSPICIOUS_MOVE = YES;
				CLANG_WARN_UNGUARDED_AVAILABILITY = YES_AGGRESSIVE;
				CLANG_WARN_UNREACHABLE_CODE = YES;
				CLANG_WARN__DUPLICATE_METHOD_MATCH = YES;
				COPY_PHASE_STRIP = NO;
				DEBUG_INFORMATION_FORMAT = dwarf;
				ENABLE_STRICT_OBJC_MSGSEND = YES;
				ENABLE_TESTABILITY = YES;
				GCC_C_LANGUAGE_STANDARD = gnu11;
				GCC_DYNAMIC_NO_PIC = NO;
				GCC_NO_COMMON_BLOCKS = YES;
				GCC_OPTIMIZATION_LEVEL = 0;
				GCC_PREPROCESSOR_DEFINITIONS = (
					"DEBUG=1",
					"$(inherited)",
				);
				GCC_WARN_64_TO_32_BIT_CONVERSION = YES;
				GCC_WARN_ABOUT_RETURN_TYPE = YES_ERROR;
				GCC_WARN_UNDECLARED_SELECTOR = YES;
				GCC_WARN_UNINITIALIZED_AUTOS = YES_AGGRESSIVE;
				GCC_WARN_UNUSED_FUNCTION = YES;
				GCC_WARN_UNUSED_VARIABLE = YES;
				IPHONEOS_DEPLOYMENT_TARGET = 14.0;
				MTL_ENABLE_DEBUG_INFO = INCLUDE_SOURCE;
				MTL_FAST_MATH = YES;
				ONLY_ACTIVE_ARCH = YES;
				SDKROOT = iphoneos;
				SWIFT_ACTIVE_COMPILATION_CONDITIONS = DEBUG;
				SWIFT_OPTIMIZATION_LEVEL = "-Onone";
			};
			name = Debug;
		};
		185E65CE251E38EA009EA955 /* Release */ = {
			isa = XCBuildConfiguration;
			buildSettings = {
				ALWAYS_SEARCH_USER_PATHS = NO;
				CLANG_ANALYZER_NONNULL = YES;
				CLANG_ANALYZER_NUMBER_OBJECT_CONVERSION = YES_AGGRESSIVE;
				CLANG_CXX_LANGUAGE_STANDARD = "gnu++14";
				CLANG_CXX_LIBRARY = "libc++";
				CLANG_ENABLE_MODULES = YES;
				CLANG_ENABLE_OBJC_ARC = YES;
				CLANG_ENABLE_OBJC_WEAK = YES;
				CLANG_WARN_BLOCK_CAPTURE_AUTORELEASING = YES;
				CLANG_WARN_BOOL_CONVERSION = YES;
				CLANG_WARN_COMMA = YES;
				CLANG_WARN_CONSTANT_CONVERSION = YES;
				CLANG_WARN_DEPRECATED_OBJC_IMPLEMENTATIONS = YES;
				CLANG_WARN_DIRECT_OBJC_ISA_USAGE = YES_ERROR;
				CLANG_WARN_DOCUMENTATION_COMMENTS = YES;
				CLANG_WARN_EMPTY_BODY = YES;
				CLANG_WARN_ENUM_CONVERSION = YES;
				CLANG_WARN_INFINITE_RECURSION = YES;
				CLANG_WARN_INT_CONVERSION = YES;
				CLANG_WARN_NON_LITERAL_NULL_CONVERSION = YES;
				CLANG_WARN_OBJC_IMPLICIT_RETAIN_SELF = YES;
				CLANG_WARN_OBJC_LITERAL_CONVERSION = YES;
				CLANG_WARN_OBJC_ROOT_CLASS = YES_ERROR;
				CLANG_WARN_QUOTED_INCLUDE_IN_FRAMEWORK_HEADER = YES;
				CLANG_WARN_RANGE_LOOP_ANALYSIS = YES;
				CLANG_WARN_STRICT_PROTOTYPES = YES;
				CLANG_WARN_SUSPICIOUS_MOVE = YES;
				CLANG_WARN_UNGUARDED_AVAILABILITY = YES_AGGRESSIVE;
				CLANG_WARN_UNREACHABLE_CODE = YES;
				CLANG_WARN__DUPLICATE_METHOD_MATCH = YES;
				COPY_PHASE_STRIP = NO;
				DEBUG_INFORMATION_FORMAT = "dwarf-with-dsym";
				ENABLE_NS_ASSERTIONS = NO;
				ENABLE_STRICT_OBJC_MSGSEND = YES;
				GCC_C_LANGUAGE_STANDARD = gnu11;
				GCC_NO_COMMON_BLOCKS = YES;
				GCC_WARN_64_TO_32_BIT_CONVERSION = YES;
				GCC_WARN_ABOUT_RETURN_TYPE = YES_ERROR;
				GCC_WARN_UNDECLARED_SELECTOR = YES;
				GCC_WARN_UNINITIALIZED_AUTOS = YES_AGGRESSIVE;
				GCC_WARN_UNUSED_FUNCTION = YES;
				GCC_WARN_UNUSED_VARIABLE = YES;
				IPHONEOS_DEPLOYMENT_TARGET = 14.0;
				MTL_ENABLE_DEBUG_INFO = NO;
				MTL_FAST_MATH = YES;
				SDKROOT = iphoneos;
				SWIFT_COMPILATION_MODE = wholemodule;
				SWIFT_OPTIMIZATION_LEVEL = "-O";
				VALIDATE_PRODUCT = YES;
			};
			name = Release;
		};
		185E65D0251E38EA009EA955 /* Debug */ = {
			isa = XCBuildConfiguration;
			baseConfigurationReference = 04CC0BEA0AD7379746516E43 /* Pods-PhotoLove.debug.xcconfig */;
			buildSettings = {
				ASSETCATALOG_COMPILER_APPICON_NAME = AppIcon;
				ASSETCATALOG_COMPILER_GLOBAL_ACCENT_COLOR_NAME = AccentColor;
				CODE_SIGN_STYLE = Automatic;
				DEVELOPMENT_TEAM = BAHUH6U3J7;
				INFOPLIST_FILE = PhotoLove/Info.plist;
				IPHONEOS_DEPLOYMENT_TARGET = 13.0;
				LD_RUNPATH_SEARCH_PATHS = (
					"$(inherited)",
					"@executable_path/Frameworks",
				);
				PRODUCT_BUNDLE_IDENTIFIER = com.sharad.PhotoLove;
				PRODUCT_NAME = "$(TARGET_NAME)";
				SWIFT_VERSION = 5.0;
				TARGETED_DEVICE_FAMILY = 1;
			};
			name = Debug;
		};
		185E65D1251E38EA009EA955 /* Release */ = {
			isa = XCBuildConfiguration;
			baseConfigurationReference = 2DAF49F7B3F08F93F63BF60E /* Pods-PhotoLove.release.xcconfig */;
			buildSettings = {
				ASSETCATALOG_COMPILER_APPICON_NAME = AppIcon;
				ASSETCATALOG_COMPILER_GLOBAL_ACCENT_COLOR_NAME = AccentColor;
				CODE_SIGN_STYLE = Automatic;
				DEVELOPMENT_TEAM = BAHUH6U3J7;
				INFOPLIST_FILE = PhotoLove/Info.plist;
				IPHONEOS_DEPLOYMENT_TARGET = 13.0;
				LD_RUNPATH_SEARCH_PATHS = (
					"$(inherited)",
					"@executable_path/Frameworks",
				);
				PRODUCT_BUNDLE_IDENTIFIER = com.sharad.PhotoLove;
				PRODUCT_NAME = "$(TARGET_NAME)";
				SWIFT_VERSION = 5.0;
				TARGETED_DEVICE_FAMILY = 1;
			};
			name = Release;
		};
		185E65D3251E38EA009EA955 /* Debug */ = {
			isa = XCBuildConfiguration;
			baseConfigurationReference = AC2DD5FD8EAA73F0C4CE7F7B /* Pods-PhotoLoveTests.debug.xcconfig */;
			buildSettings = {
				ALWAYS_EMBED_SWIFT_STANDARD_LIBRARIES = YES;
				BUNDLE_LOADER = "$(TEST_HOST)";
				CODE_SIGN_STYLE = Automatic;
				DEVELOPMENT_TEAM = BAHUH6U3J7;
				INFOPLIST_FILE = PhotoLoveTests/Info.plist;
				IPHONEOS_DEPLOYMENT_TARGET = 14.0;
				LD_RUNPATH_SEARCH_PATHS = (
					"$(inherited)",
					"@executable_path/Frameworks",
					"@loader_path/Frameworks",
				);
				PRODUCT_BUNDLE_IDENTIFIER = com.sharad.PhotoLoveTests;
				PRODUCT_NAME = "$(TARGET_NAME)";
				SWIFT_VERSION = 5.0;
				TARGETED_DEVICE_FAMILY = "1,2";
				TEST_HOST = "$(BUILT_PRODUCTS_DIR)/PhotoLove.app/PhotoLove";
			};
			name = Debug;
		};
		185E65D4251E38EA009EA955 /* Release */ = {
			isa = XCBuildConfiguration;
			baseConfigurationReference = D0E07448918863960284414F /* Pods-PhotoLoveTests.release.xcconfig */;
			buildSettings = {
				ALWAYS_EMBED_SWIFT_STANDARD_LIBRARIES = YES;
				BUNDLE_LOADER = "$(TEST_HOST)";
				CODE_SIGN_STYLE = Automatic;
				DEVELOPMENT_TEAM = BAHUH6U3J7;
				INFOPLIST_FILE = PhotoLoveTests/Info.plist;
				IPHONEOS_DEPLOYMENT_TARGET = 14.0;
				LD_RUNPATH_SEARCH_PATHS = (
					"$(inherited)",
					"@executable_path/Frameworks",
					"@loader_path/Frameworks",
				);
				PRODUCT_BUNDLE_IDENTIFIER = com.sharad.PhotoLoveTests;
				PRODUCT_NAME = "$(TARGET_NAME)";
				SWIFT_VERSION = 5.0;
				TARGETED_DEVICE_FAMILY = "1,2";
				TEST_HOST = "$(BUILT_PRODUCTS_DIR)/PhotoLove.app/PhotoLove";
			};
			name = Release;
		};
		185E65D6251E38EA009EA955 /* Debug */ = {
			isa = XCBuildConfiguration;
			baseConfigurationReference = DAA65626B08247832B5FC3D0 /* Pods-PhotoLove-PhotoLoveUITests.debug.xcconfig */;
			buildSettings = {
				ALWAYS_EMBED_SWIFT_STANDARD_LIBRARIES = YES;
				CODE_SIGN_STYLE = Automatic;
				DEVELOPMENT_TEAM = BAHUH6U3J7;
				INFOPLIST_FILE = PhotoLoveUITests/Info.plist;
				LD_RUNPATH_SEARCH_PATHS = (
					"$(inherited)",
					"@executable_path/Frameworks",
					"@loader_path/Frameworks",
				);
				PRODUCT_BUNDLE_IDENTIFIER = com.sharad.PhotoLoveUITests;
				PRODUCT_NAME = "$(TARGET_NAME)";
				SWIFT_VERSION = 5.0;
				TARGETED_DEVICE_FAMILY = "1,2";
				TEST_TARGET_NAME = PhotoLove;
			};
			name = Debug;
		};
		185E65D7251E38EA009EA955 /* Release */ = {
			isa = XCBuildConfiguration;
			baseConfigurationReference = 9763FE8076D22A8610F1C39F /* Pods-PhotoLove-PhotoLoveUITests.release.xcconfig */;
			buildSettings = {
				ALWAYS_EMBED_SWIFT_STANDARD_LIBRARIES = YES;
				CODE_SIGN_STYLE = Automatic;
				DEVELOPMENT_TEAM = BAHUH6U3J7;
				INFOPLIST_FILE = PhotoLoveUITests/Info.plist;
				LD_RUNPATH_SEARCH_PATHS = (
					"$(inherited)",
					"@executable_path/Frameworks",
					"@loader_path/Frameworks",
				);
				PRODUCT_BUNDLE_IDENTIFIER = com.sharad.PhotoLoveUITests;
				PRODUCT_NAME = "$(TARGET_NAME)";
				SWIFT_VERSION = 5.0;
				TARGETED_DEVICE_FAMILY = "1,2";
				TEST_TARGET_NAME = PhotoLove;
			};
			name = Release;
		};
/* End XCBuildConfiguration section */

/* Begin XCConfigurationList section */
		185E659D251E38E5009EA955 /* Build configuration list for PBXProject "PhotoLove" */ = {
			isa = XCConfigurationList;
			buildConfigurations = (
				185E65CD251E38EA009EA955 /* Debug */,
				185E65CE251E38EA009EA955 /* Release */,
			);
			defaultConfigurationIsVisible = 0;
			defaultConfigurationName = Release;
		};
		185E65CF251E38EA009EA955 /* Build configuration list for PBXNativeTarget "PhotoLove" */ = {
			isa = XCConfigurationList;
			buildConfigurations = (
				185E65D0251E38EA009EA955 /* Debug */,
				185E65D1251E38EA009EA955 /* Release */,
			);
			defaultConfigurationIsVisible = 0;
			defaultConfigurationName = Release;
		};
		185E65D2251E38EA009EA955 /* Build configuration list for PBXNativeTarget "PhotoLoveTests" */ = {
			isa = XCConfigurationList;
			buildConfigurations = (
				185E65D3251E38EA009EA955 /* Debug */,
				185E65D4251E38EA009EA955 /* Release */,
			);
			defaultConfigurationIsVisible = 0;
			defaultConfigurationName = Release;
		};
		185E65D5251E38EA009EA955 /* Build configuration list for PBXNativeTarget "PhotoLoveUITests" */ = {
			isa = XCConfigurationList;
			buildConfigurations = (
				185E65D6251E38EA009EA955 /* Debug */,
				185E65D7251E38EA009EA955 /* Release */,
			);
			defaultConfigurationIsVisible = 0;
			defaultConfigurationName = Release;
		};
/* End XCConfigurationList section */

/* Begin XCVersionGroup section */
		185E65AE251E38E5009EA955 /* PhotoLove.xcdatamodeld */ = {
			isa = XCVersionGroup;
			children = (
				185E65AF251E38E5009EA955 /* PhotoLove.xcdatamodel */,
			);
			currentVersion = 185E65AF251E38E5009EA955 /* PhotoLove.xcdatamodel */;
			path = PhotoLove.xcdatamodeld;
			sourceTree = "<group>";
			versionGroupType = wrapper.xcdatamodel;
		};
/* End XCVersionGroup section */
	};
	rootObject = 185E659A251E38E5009EA955 /* Project object */;
}
